// !$*UTF8*$!
{
	archiveVersion = 1;
	classes = {
	};
	objectVersion = 55;
	objects = {

/* Begin PBXBuildFile section */
		A208631B2AD70F7500FC938D /* web3.swift in Frameworks */ = {isa = PBXBuildFile; productRef = A208631A2AD70F7500FC938D /* web3.swift */; };
		A2A8198D2AD58B82004E7AF5 /* WidgetKit.framework in Frameworks */ = {isa = PBXBuildFile; fileRef = A2A8198C2AD58B82004E7AF5 /* WidgetKit.framework */; };
		A2A8198F2AD58B82004E7AF5 /* SwiftUI.framework in Frameworks */ = {isa = PBXBuildFile; fileRef = A2A8198E2AD58B82004E7AF5 /* SwiftUI.framework */; };
		A2A819922AD58B82004E7AF5 /* HZ24Widget.swift in Sources */ = {isa = PBXBuildFile; fileRef = A2A819912AD58B82004E7AF5 /* HZ24Widget.swift */; };
		A2A819952AD58B86004E7AF5 /* Assets.xcassets in Resources */ = {isa = PBXBuildFile; fileRef = A2A819942AD58B86004E7AF5 /* Assets.xcassets */; };
		A2A819972AD58B86004E7AF5 /* HZ24Widget.intentdefinition in Sources */ = {isa = PBXBuildFile; fileRef = A2A819932AD58B82004E7AF5 /* HZ24Widget.intentdefinition */; };
		A2A819982AD58B86004E7AF5 /* HZ24Widget.intentdefinition in Sources */ = {isa = PBXBuildFile; fileRef = A2A819932AD58B82004E7AF5 /* HZ24Widget.intentdefinition */; };
		A2A8199B2AD58B86004E7AF5 /* HZ24WidgetExtension.appex in Embed App Extensions */ = {isa = PBXBuildFile; fileRef = A2A8198B2AD58B82004E7AF5 /* HZ24WidgetExtension.appex */; settings = {ATTRIBUTES = (RemoveHeadersOnCopy, ); }; };
		A2A819B72AD5D81A004E7AF5 /* HZ24EventProvider.swift in Sources */ = {isa = PBXBuildFile; fileRef = A2A819B62AD5D81A004E7AF5 /* HZ24EventProvider.swift */; };
		A2A819B92AD5D8F4004E7AF5 /* HZ24WidgetEntryView.swift in Sources */ = {isa = PBXBuildFile; fileRef = A2A819B82AD5D8F4004E7AF5 /* HZ24WidgetEntryView.swift */; };
		A2AEBE892AD24EE10056AB1F /* PageView.swift in Sources */ = {isa = PBXBuildFile; fileRef = A2AEBE882AD24EE00056AB1F /* PageView.swift */; };
		A2AEBE8B2AD24F3F0056AB1F /* PageViewController.swift in Sources */ = {isa = PBXBuildFile; fileRef = A2AEBE8A2AD24F3F0056AB1F /* PageViewController.swift */; };
		A2AEBE8D2AD24F5E0056AB1F /* PageControl.swift in Sources */ = {isa = PBXBuildFile; fileRef = A2AEBE8C2AD24F5E0056AB1F /* PageControl.swift */; };
		A2AEBE8F2AD254260056AB1F /* Tutorials.swift in Sources */ = {isa = PBXBuildFile; fileRef = A2AEBE8E2AD254250056AB1F /* Tutorials.swift */; };
		B137A4AE2AD4E63D00A06727 /* ListenerRowItem.swift in Sources */ = {isa = PBXBuildFile; fileRef = B137A4AD2AD4E63D00A06727 /* ListenerRowItem.swift */; };
		B137A4B02AD564CA00A06727 /* AddListenerButton.swift in Sources */ = {isa = PBXBuildFile; fileRef = B137A4AF2AD564CA00A06727 /* AddListenerButton.swift */; };
		B140E9072AD1143700519526 /* EventRowItem.swift in Sources */ = {isa = PBXBuildFile; fileRef = B140E9062AD1143700519526 /* EventRowItem.swift */; };
		B140E9092AD15C7500519526 /* PreviewModels.swift in Sources */ = {isa = PBXBuildFile; fileRef = B140E9082AD15C7500519526 /* PreviewModels.swift */; };
		B15322792ADA20E600B0B43C /* Scanner.swift in Sources */ = {isa = PBXBuildFile; fileRef = B15322782ADA20E600B0B43C /* Scanner.swift */; };
		B153227B2ADA219500B0B43C /* ScannerView.swift in Sources */ = {isa = PBXBuildFile; fileRef = B153227A2ADA219500B0B43C /* ScannerView.swift */; };
		B153227D2ADA22C300B0B43C /* CameraDelegate.swift in Sources */ = {isa = PBXBuildFile; fileRef = B153227C2ADA22C300B0B43C /* CameraDelegate.swift */; };
		B153227F2ADA247000B0B43C /* CameraPreview.swift in Sources */ = {isa = PBXBuildFile; fileRef = B153227E2ADA247000B0B43C /* CameraPreview.swift */; };
		B15322822ADA28A400B0B43C /* CameraPreviewRepresentable.swift in Sources */ = {isa = PBXBuildFile; fileRef = B15322812ADA28A400B0B43C /* CameraPreviewRepresentable.swift */; };
		B15322852ADA30E600B0B43C /* Validation.swift in Sources */ = {isa = PBXBuildFile; fileRef = B15322842ADA30E600B0B43C /* Validation.swift */; };
		B15322912ADA9AA700B0B43C /* CoreDataProvider.swift in Sources */ = {isa = PBXBuildFile; fileRef = B153228C2ADA975A00B0B43C /* CoreDataProvider.swift */; };
		B15322922ADA9AAC00B0B43C /* Persistence.swift in Sources */ = {isa = PBXBuildFile; fileRef = B153228B2ADA975A00B0B43C /* Persistence.swift */; };
		B15322932ADA9AAD00B0B43C /* Persistence.swift in Sources */ = {isa = PBXBuildFile; fileRef = B153228B2ADA975A00B0B43C /* Persistence.swift */; };
		B15322942ADA9AB100B0B43C /* Model.xcdatamodeld in Sources */ = {isa = PBXBuildFile; fileRef = B153228E2ADA975A00B0B43C /* Model.xcdatamodeld */; };
		B15322952ADA9AB200B0B43C /* Model.xcdatamodeld in Sources */ = {isa = PBXBuildFile; fileRef = B153228E2ADA975A00B0B43C /* Model.xcdatamodeld */; };
		B15322962ADA9AB500B0B43C /* Event+CoreDataClass.swift in Sources */ = {isa = PBXBuildFile; fileRef = B153228A2ADA975A00B0B43C /* Event+CoreDataClass.swift */; };
		B15322972ADA9AB600B0B43C /* Event+CoreDataClass.swift in Sources */ = {isa = PBXBuildFile; fileRef = B153228A2ADA975A00B0B43C /* Event+CoreDataClass.swift */; };
		B15322982ADA9AB800B0B43C /* Listener+CoreDataClass.swift in Sources */ = {isa = PBXBuildFile; fileRef = B15322902ADA975A00B0B43C /* Listener+CoreDataClass.swift */; };
		B15322992ADA9ABA00B0B43C /* Listener+CoreDataClass.swift in Sources */ = {isa = PBXBuildFile; fileRef = B15322902ADA975A00B0B43C /* Listener+CoreDataClass.swift */; };
		B153229A2ADA9AD700B0B43C /* NSFetchRequests.swift in Sources */ = {isa = PBXBuildFile; fileRef = B153228D2ADA975A00B0B43C /* NSFetchRequests.swift */; };
		B1A1098F2AD8B7B300FDEE8B /* Documentation.docc in Sources */ = {isa = PBXBuildFile; fileRef = B1A1098E2AD8AE6800FDEE8B /* Documentation.docc */; };
		B1ACC15E2AD6BD57001AAFC1 /* FormOption.swift in Sources */ = {isa = PBXBuildFile; fileRef = B1ACC15D2AD6BD57001AAFC1 /* FormOption.swift */; };
		B1ACC1682AD77962001AAFC1 /* web3.swift in Frameworks */ = {isa = PBXBuildFile; productRef = B1ACC1672AD77962001AAFC1 /* web3.swift */; };
		B1ACC16A2AD794F0001AAFC1 /* NewTokenEventDetails.swift in Sources */ = {isa = PBXBuildFile; fileRef = B1ACC1692AD794F0001AAFC1 /* NewTokenEventDetails.swift */; };
		B1ACC16C2AD79814001AAFC1 /* MetadataEventDetails.swift in Sources */ = {isa = PBXBuildFile; fileRef = B1ACC16B2AD79814001AAFC1 /* MetadataEventDetails.swift */; };
		B1ACC16E2AD79ECF001AAFC1 /* BlockchainInfo.swift in Sources */ = {isa = PBXBuildFile; fileRef = B1ACC16D2AD79ECF001AAFC1 /* BlockchainInfo.swift */; };
		B1ACC1702AD7C217001AAFC1 /* MintCommentEventDetails.swift in Sources */ = {isa = PBXBuildFile; fileRef = B1ACC16F2AD7C217001AAFC1 /* MintCommentEventDetails.swift */; };
		B1AD3B8F2AC4370700912CF5 /* CoreDataTests.swift in Sources */ = {isa = PBXBuildFile; fileRef = B1AD3B8E2AC4370700912CF5 /* CoreDataTests.swift */; };
		B1B504AE2AC5A3B600DA66B7 /* RPCProtocol.swift in Sources */ = {isa = PBXBuildFile; fileRef = B1B504702AC5A3B600DA66B7 /* RPCProtocol.swift */; };
		B1B504AF2AC5A3B600DA66B7 /* DefaultEventsProvider.swift in Sources */ = {isa = PBXBuildFile; fileRef = B1B504712AC5A3B600DA66B7 /* DefaultEventsProvider.swift */; };
		B1B504B02AC5A3B600DA66B7 /* ThirdWebRPC.swift in Sources */ = {isa = PBXBuildFile; fileRef = B1B504722AC5A3B600DA66B7 /* ThirdWebRPC.swift */; };
		B1B504B12AC5A3B600DA66B7 /* EventsProvider.swift in Sources */ = {isa = PBXBuildFile; fileRef = B1B504732AC5A3B600DA66B7 /* EventsProvider.swift */; };
		B1B504B22AC5A3B600DA66B7 /* MetadataEventABI.swift in Sources */ = {isa = PBXBuildFile; fileRef = B1B504752AC5A3B600DA66B7 /* MetadataEventABI.swift */; };
		B1B504B32AC5A3B600DA66B7 /* MintCommentEventABI.swift in Sources */ = {isa = PBXBuildFile; fileRef = B1B504762AC5A3B600DA66B7 /* MintCommentEventABI.swift */; };
		B1B504B52AC5A3B600DA66B7 /* ERC.swift in Sources */ = {isa = PBXBuildFile; fileRef = B1B504782AC5A3B600DA66B7 /* ERC.swift */; };
		B1B504B72AC5A3B600DA66B7 /* Assets.xcassets in Resources */ = {isa = PBXBuildFile; fileRef = B1B5047A2AC5A3B600DA66B7 /* Assets.xcassets */; };
		B1B504C02AC5A3B600DA66B7 /* SavedEvents.json in Resources */ = {isa = PBXBuildFile; fileRef = B1B504852AC5A3B600DA66B7 /* SavedEvents.json */; };
		B1B504C12AC5A3B600DA66B7 /* SmartContracts.json in Resources */ = {isa = PBXBuildFile; fileRef = B1B504862AC5A3B600DA66B7 /* SmartContracts.json */; };
		B1B504C22AC5A3B600DA66B7 /* EventTypes.json in Resources */ = {isa = PBXBuildFile; fileRef = B1B504872AC5A3B600DA66B7 /* EventTypes.json */; };
		B1B504C32AC5A3B600DA66B7 /* Users.json in Resources */ = {isa = PBXBuildFile; fileRef = B1B504882AC5A3B600DA66B7 /* Users.json */; };
		B1B504C42AC5A3B600DA66B7 /* Preview Assets.xcassets in Resources */ = {isa = PBXBuildFile; fileRef = B1B504892AC5A3B600DA66B7 /* Preview Assets.xcassets */; };
		B1B504C52AC5A3B600DA66B7 /* EventLogs.json in Resources */ = {isa = PBXBuildFile; fileRef = B1B5048A2AC5A3B600DA66B7 /* EventLogs.json */; };
		B1B504C62AC5A3B600DA66B7 /* NotifcationType.json in Resources */ = {isa = PBXBuildFile; fileRef = B1B5048B2AC5A3B600DA66B7 /* NotifcationType.json */; };
		B1B504C72AC5A3B600DA66B7 /* EventSubscriptions.json in Resources */ = {isa = PBXBuildFile; fileRef = B1B5048C2AC5A3B600DA66B7 /* EventSubscriptions.json */; };
		B1B504C92AC5A3B600DA66B7 /* DateUtilities.swift in Sources */ = {isa = PBXBuildFile; fileRef = B1B5048E2AC5A3B600DA66B7 /* DateUtilities.swift */; };
		B1B504CA2AC5A3B600DA66B7 /* Main.swift in Sources */ = {isa = PBXBuildFile; fileRef = B1B5048F2AC5A3B600DA66B7 /* Main.swift */; };
		B1B504CB2AC5A3B600DA66B7 /* SavedTab.swift in Sources */ = {isa = PBXBuildFile; fileRef = B1B504932AC5A3B600DA66B7 /* SavedTab.swift */; };
		B1B504CC2AC5A3B600DA66B7 /* TokenTypeSelection.swift in Sources */ = {isa = PBXBuildFile; fileRef = B1B504952AC5A3B600DA66B7 /* TokenTypeSelection.swift */; };
		B1B504CD2AC5A3B600DA66B7 /* Success.swift in Sources */ = {isa = PBXBuildFile; fileRef = B1B504962AC5A3B600DA66B7 /* Success.swift */; };
		B1B504CE2AC5A3B600DA66B7 /* ListenerSettings.swift in Sources */ = {isa = PBXBuildFile; fileRef = B1B504972AC5A3B600DA66B7 /* ListenerSettings.swift */; };
		B1B504D02AC5A3B600DA66B7 /* ListeningTab.swift in Sources */ = {isa = PBXBuildFile; fileRef = B1B504992AC5A3B600DA66B7 /* ListeningTab.swift */; };
		B1B504D12AC5A3B600DA66B7 /* NotificationSelection.swift in Sources */ = {isa = PBXBuildFile; fileRef = B1B5049A2AC5A3B600DA66B7 /* NotificationSelection.swift */; };
		B1B504D32AC5A3B600DA66B7 /* ListenerTypeSelection.swift in Sources */ = {isa = PBXBuildFile; fileRef = B1B5049C2AC5A3B600DA66B7 /* ListenerTypeSelection.swift */; };
		B1B504D62AC5A3B600DA66B7 /* Hourmark.swift in Sources */ = {isa = PBXBuildFile; fileRef = B1B504A02AC5A3B600DA66B7 /* Hourmark.swift */; };
		B1B504DB2AC5A3B600DA66B7 /* NavBar.swift in Sources */ = {isa = PBXBuildFile; fileRef = B1B504A52AC5A3B600DA66B7 /* NavBar.swift */; };
		B1B504DC2AC5A3B600DA66B7 /* IndentedWithHeaderLayout.swift in Sources */ = {isa = PBXBuildFile; fileRef = B1B504A72AC5A3B600DA66B7 /* IndentedWithHeaderLayout.swift */; };
		B1B504DD2AC5A3B600DA66B7 /* ContentView.swift in Sources */ = {isa = PBXBuildFile; fileRef = B1B504A82AC5A3B600DA66B7 /* ContentView.swift */; };
		B1BE37822AC01BE900104A4A /* ThirdWebRPCTests.swift in Sources */ = {isa = PBXBuildFile; fileRef = B1BE37812AC01BE900104A4A /* ThirdWebRPCTests.swift */; };
		B1BE37902AC03E5600104A4A /* DefaultEventsProviderTests.swift in Sources */ = {isa = PBXBuildFile; fileRef = B1BE378F2AC03E5600104A4A /* DefaultEventsProviderTests.swift */; };
		B1DE65FC2AC9329D00BED08E /* ListenerEnable.swift in Sources */ = {isa = PBXBuildFile; fileRef = B1DE65FB2AC9329D00BED08E /* ListenerEnable.swift */; };
		B1DE65FE2ACF522500BED08E /* EnterContractAddress.swift in Sources */ = {isa = PBXBuildFile; fileRef = B1DE65FD2ACF522500BED08E /* EnterContractAddress.swift */; };
		B1DE66002AD0143E00BED08E /* SelectEventTypes.swift in Sources */ = {isa = PBXBuildFile; fileRef = B1DE65FF2AD0143E00BED08E /* SelectEventTypes.swift */; };
		B1DE66022AD1015200BED08E /* FeedTab.swift in Sources */ = {isa = PBXBuildFile; fileRef = B1DE66012AD1015200BED08E /* FeedTab.swift */; };
		B1DE66052AD1024E00BED08E /* TimeSegment.swift in Sources */ = {isa = PBXBuildFile; fileRef = B1DE66042AD1024E00BED08E /* TimeSegment.swift */; };
		B1DE66072AD1028A00BED08E /* HorizontalDivider.swift in Sources */ = {isa = PBXBuildFile; fileRef = B1DE66062AD1028A00BED08E /* HorizontalDivider.swift */; };
		B1DE66092AD10B3000BED08E /* EventDetails.swift in Sources */ = {isa = PBXBuildFile; fileRef = B1DE66082AD10B3000BED08E /* EventDetails.swift */; };
/* End PBXBuildFile section */

/* Begin PBXContainerItemProxy section */
		A2A819992AD58B86004E7AF5 /* PBXContainerItemProxy */ = {
			isa = PBXContainerItemProxy;
			containerPortal = A22074572A7D5FF0002FD6CB /* Project object */;
			proxyType = 1;
			remoteGlobalIDString = A2A8198A2AD58B82004E7AF5;
			remoteInfo = HZ24WidgetExtension;
		};
		B1BE37832AC01BE900104A4A /* PBXContainerItemProxy */ = {
			isa = PBXContainerItemProxy;
			containerPortal = A22074572A7D5FF0002FD6CB /* Project object */;
			proxyType = 1;
			remoteGlobalIDString = A220745E2A7D5FF0002FD6CB;
			remoteInfo = 24HZ;
		};
/* End PBXContainerItemProxy section */

/* Begin PBXCopyFilesBuildPhase section */
		A2A8199F2AD58B86004E7AF5 /* Embed App Extensions */ = {
			isa = PBXCopyFilesBuildPhase;
			buildActionMask = 2147483647;
			dstPath = "";
			dstSubfolderSpec = 13;
			files = (
				A2A8199B2AD58B86004E7AF5 /* HZ24WidgetExtension.appex in Embed App Extensions */,
			);
			name = "Embed App Extensions";
			runOnlyForDeploymentPostprocessing = 0;
		};
/* End PBXCopyFilesBuildPhase section */

/* Begin PBXFileReference section */
		A220745F2A7D5FF0002FD6CB /* HZ24.app */ = {isa = PBXFileReference; explicitFileType = wrapper.application; includeInIndex = 0; path = HZ24.app; sourceTree = BUILT_PRODUCTS_DIR; };
		A2A819842AD57A63004E7AF5 /* HZ24.entitlements */ = {isa = PBXFileReference; lastKnownFileType = text.plist.entitlements; path = HZ24.entitlements; sourceTree = "<group>"; };
		A2A8198B2AD58B82004E7AF5 /* HZ24WidgetExtension.appex */ = {isa = PBXFileReference; explicitFileType = "wrapper.app-extension"; includeInIndex = 0; path = HZ24WidgetExtension.appex; sourceTree = BUILT_PRODUCTS_DIR; };
		A2A8198C2AD58B82004E7AF5 /* WidgetKit.framework */ = {isa = PBXFileReference; lastKnownFileType = wrapper.framework; name = WidgetKit.framework; path = System/Library/Frameworks/WidgetKit.framework; sourceTree = SDKROOT; };
		A2A8198E2AD58B82004E7AF5 /* SwiftUI.framework */ = {isa = PBXFileReference; lastKnownFileType = wrapper.framework; name = SwiftUI.framework; path = System/Library/Frameworks/SwiftUI.framework; sourceTree = SDKROOT; };
		A2A819912AD58B82004E7AF5 /* HZ24Widget.swift */ = {isa = PBXFileReference; lastKnownFileType = sourcecode.swift; path = HZ24Widget.swift; sourceTree = "<group>"; };
		A2A819932AD58B82004E7AF5 /* HZ24Widget.intentdefinition */ = {isa = PBXFileReference; lastKnownFileType = file.intentdefinition; path = HZ24Widget.intentdefinition; sourceTree = "<group>"; };
		A2A819942AD58B86004E7AF5 /* Assets.xcassets */ = {isa = PBXFileReference; lastKnownFileType = folder.assetcatalog; path = Assets.xcassets; sourceTree = "<group>"; };
		A2A819962AD58B86004E7AF5 /* Info.plist */ = {isa = PBXFileReference; lastKnownFileType = text.plist.xml; path = Info.plist; sourceTree = "<group>"; };
		A2A819AA2AD596AF004E7AF5 /* HZ24WidgetExtension.entitlements */ = {isa = PBXFileReference; lastKnownFileType = text.plist.entitlements; path = HZ24WidgetExtension.entitlements; sourceTree = "<group>"; };
		A2A819B62AD5D81A004E7AF5 /* HZ24EventProvider.swift */ = {isa = PBXFileReference; lastKnownFileType = sourcecode.swift; path = HZ24EventProvider.swift; sourceTree = "<group>"; };
		A2A819B82AD5D8F4004E7AF5 /* HZ24WidgetEntryView.swift */ = {isa = PBXFileReference; lastKnownFileType = sourcecode.swift; path = HZ24WidgetEntryView.swift; sourceTree = "<group>"; };
		A2AEBE882AD24EE00056AB1F /* PageView.swift */ = {isa = PBXFileReference; lastKnownFileType = sourcecode.swift; path = PageView.swift; sourceTree = "<group>"; };
		A2AEBE8A2AD24F3F0056AB1F /* PageViewController.swift */ = {isa = PBXFileReference; lastKnownFileType = sourcecode.swift; path = PageViewController.swift; sourceTree = "<group>"; };
		A2AEBE8C2AD24F5E0056AB1F /* PageControl.swift */ = {isa = PBXFileReference; lastKnownFileType = sourcecode.swift; path = PageControl.swift; sourceTree = "<group>"; };
		A2AEBE8E2AD254250056AB1F /* Tutorials.swift */ = {isa = PBXFileReference; lastKnownFileType = sourcecode.swift; path = Tutorials.swift; sourceTree = "<group>"; };
		B137A4AD2AD4E63D00A06727 /* ListenerRowItem.swift */ = {isa = PBXFileReference; lastKnownFileType = sourcecode.swift; path = ListenerRowItem.swift; sourceTree = "<group>"; };
		B137A4AF2AD564CA00A06727 /* AddListenerButton.swift */ = {isa = PBXFileReference; lastKnownFileType = sourcecode.swift; path = AddListenerButton.swift; sourceTree = "<group>"; };
		B140E9062AD1143700519526 /* EventRowItem.swift */ = {isa = PBXFileReference; fileEncoding = 4; lastKnownFileType = sourcecode.swift; path = EventRowItem.swift; sourceTree = "<group>"; };
		B140E9082AD15C7500519526 /* PreviewModels.swift */ = {isa = PBXFileReference; lastKnownFileType = sourcecode.swift; path = PreviewModels.swift; sourceTree = "<group>"; };
		B15322782ADA20E600B0B43C /* Scanner.swift */ = {isa = PBXFileReference; lastKnownFileType = sourcecode.swift; path = Scanner.swift; sourceTree = "<group>"; };
		B153227A2ADA219500B0B43C /* ScannerView.swift */ = {isa = PBXFileReference; lastKnownFileType = sourcecode.swift; path = ScannerView.swift; sourceTree = "<group>"; };
		B153227C2ADA22C300B0B43C /* CameraDelegate.swift */ = {isa = PBXFileReference; lastKnownFileType = sourcecode.swift; path = CameraDelegate.swift; sourceTree = "<group>"; };
		B153227E2ADA247000B0B43C /* CameraPreview.swift */ = {isa = PBXFileReference; lastKnownFileType = sourcecode.swift; path = CameraPreview.swift; sourceTree = "<group>"; };
		B15322802ADA284C00B0B43C /* Info.plist */ = {isa = PBXFileReference; lastKnownFileType = text.plist; path = Info.plist; sourceTree = "<group>"; };
		B15322812ADA28A400B0B43C /* CameraPreviewRepresentable.swift */ = {isa = PBXFileReference; lastKnownFileType = sourcecode.swift; path = CameraPreviewRepresentable.swift; sourceTree = "<group>"; };
		B15322842ADA30E600B0B43C /* Validation.swift */ = {isa = PBXFileReference; lastKnownFileType = sourcecode.swift; path = Validation.swift; sourceTree = "<group>"; };
		B153228A2ADA975A00B0B43C /* Event+CoreDataClass.swift */ = {isa = PBXFileReference; lastKnownFileType = sourcecode.swift; path = "Event+CoreDataClass.swift"; sourceTree = "<group>"; };
		B153228B2ADA975A00B0B43C /* Persistence.swift */ = {isa = PBXFileReference; lastKnownFileType = sourcecode.swift; path = Persistence.swift; sourceTree = "<group>"; };
		B153228C2ADA975A00B0B43C /* CoreDataProvider.swift */ = {isa = PBXFileReference; lastKnownFileType = sourcecode.swift; path = CoreDataProvider.swift; sourceTree = "<group>"; };
		B153228D2ADA975A00B0B43C /* NSFetchRequests.swift */ = {isa = PBXFileReference; lastKnownFileType = sourcecode.swift; path = NSFetchRequests.swift; sourceTree = "<group>"; };
		B153228F2ADA975A00B0B43C /* Model.xcdatamodel */ = {isa = PBXFileReference; lastKnownFileType = wrapper.xcdatamodel; path = Model.xcdatamodel; sourceTree = "<group>"; };
		B15322902ADA975A00B0B43C /* Listener+CoreDataClass.swift */ = {isa = PBXFileReference; lastKnownFileType = sourcecode.swift; path = "Listener+CoreDataClass.swift"; sourceTree = "<group>"; };
		B19E75132A99694B008E9FF4 /* README.md */ = {isa = PBXFileReference; lastKnownFileType = net.daringfireball.markdown; path = README.md; sourceTree = "<group>"; };
		B1A1098E2AD8AE6800FDEE8B /* Documentation.docc */ = {isa = PBXFileReference; lastKnownFileType = folder.documentationcatalog; path = Documentation.docc; sourceTree = "<group>"; };
		B1ACC15D2AD6BD57001AAFC1 /* FormOption.swift */ = {isa = PBXFileReference; lastKnownFileType = sourcecode.swift; path = FormOption.swift; sourceTree = "<group>"; };
		B1ACC1692AD794F0001AAFC1 /* NewTokenEventDetails.swift */ = {isa = PBXFileReference; lastKnownFileType = sourcecode.swift; path = NewTokenEventDetails.swift; sourceTree = "<group>"; };
		B1ACC16B2AD79814001AAFC1 /* MetadataEventDetails.swift */ = {isa = PBXFileReference; lastKnownFileType = sourcecode.swift; path = MetadataEventDetails.swift; sourceTree = "<group>"; };
		B1ACC16D2AD79ECF001AAFC1 /* BlockchainInfo.swift */ = {isa = PBXFileReference; lastKnownFileType = sourcecode.swift; path = BlockchainInfo.swift; sourceTree = "<group>"; };
		B1ACC16F2AD7C217001AAFC1 /* MintCommentEventDetails.swift */ = {isa = PBXFileReference; fileEncoding = 4; lastKnownFileType = sourcecode.swift; path = MintCommentEventDetails.swift; sourceTree = "<group>"; };
		B1AD3B8E2AC4370700912CF5 /* CoreDataTests.swift */ = {isa = PBXFileReference; lastKnownFileType = sourcecode.swift; path = CoreDataTests.swift; sourceTree = "<group>"; };
		B1B504702AC5A3B600DA66B7 /* RPCProtocol.swift */ = {isa = PBXFileReference; fileEncoding = 4; lastKnownFileType = sourcecode.swift; path = RPCProtocol.swift; sourceTree = "<group>"; };
		B1B504712AC5A3B600DA66B7 /* DefaultEventsProvider.swift */ = {isa = PBXFileReference; fileEncoding = 4; lastKnownFileType = sourcecode.swift; path = DefaultEventsProvider.swift; sourceTree = "<group>"; };
		B1B504722AC5A3B600DA66B7 /* ThirdWebRPC.swift */ = {isa = PBXFileReference; fileEncoding = 4; lastKnownFileType = sourcecode.swift; path = ThirdWebRPC.swift; sourceTree = "<group>"; };
		B1B504732AC5A3B600DA66B7 /* EventsProvider.swift */ = {isa = PBXFileReference; fileEncoding = 4; lastKnownFileType = sourcecode.swift; path = EventsProvider.swift; sourceTree = "<group>"; };
		B1B504752AC5A3B600DA66B7 /* MetadataEventABI.swift */ = {isa = PBXFileReference; fileEncoding = 4; lastKnownFileType = sourcecode.swift; path = MetadataEventABI.swift; sourceTree = "<group>"; };
		B1B504762AC5A3B600DA66B7 /* MintCommentEventABI.swift */ = {isa = PBXFileReference; fileEncoding = 4; lastKnownFileType = sourcecode.swift; path = MintCommentEventABI.swift; sourceTree = "<group>"; };
		B1B504782AC5A3B600DA66B7 /* ERC.swift */ = {isa = PBXFileReference; fileEncoding = 4; lastKnownFileType = sourcecode.swift; path = ERC.swift; sourceTree = "<group>"; };
		B1B5047A2AC5A3B600DA66B7 /* Assets.xcassets */ = {isa = PBXFileReference; lastKnownFileType = folder.assetcatalog; path = Assets.xcassets; sourceTree = "<group>"; };
		B1B504852AC5A3B600DA66B7 /* SavedEvents.json */ = {isa = PBXFileReference; fileEncoding = 4; lastKnownFileType = text.json; path = SavedEvents.json; sourceTree = "<group>"; };
		B1B504862AC5A3B600DA66B7 /* SmartContracts.json */ = {isa = PBXFileReference; fileEncoding = 4; lastKnownFileType = text.json; path = SmartContracts.json; sourceTree = "<group>"; };
		B1B504872AC5A3B600DA66B7 /* EventTypes.json */ = {isa = PBXFileReference; fileEncoding = 4; lastKnownFileType = text.json; path = EventTypes.json; sourceTree = "<group>"; };
		B1B504882AC5A3B600DA66B7 /* Users.json */ = {isa = PBXFileReference; fileEncoding = 4; lastKnownFileType = text.json; path = Users.json; sourceTree = "<group>"; };
		B1B504892AC5A3B600DA66B7 /* Preview Assets.xcassets */ = {isa = PBXFileReference; lastKnownFileType = folder.assetcatalog; path = "Preview Assets.xcassets"; sourceTree = "<group>"; };
		B1B5048A2AC5A3B600DA66B7 /* EventLogs.json */ = {isa = PBXFileReference; fileEncoding = 4; lastKnownFileType = text.json; path = EventLogs.json; sourceTree = "<group>"; };
		B1B5048B2AC5A3B600DA66B7 /* NotifcationType.json */ = {isa = PBXFileReference; fileEncoding = 4; lastKnownFileType = text.json; path = NotifcationType.json; sourceTree = "<group>"; };
		B1B5048C2AC5A3B600DA66B7 /* EventSubscriptions.json */ = {isa = PBXFileReference; fileEncoding = 4; lastKnownFileType = text.json; path = EventSubscriptions.json; sourceTree = "<group>"; };
		B1B5048E2AC5A3B600DA66B7 /* DateUtilities.swift */ = {isa = PBXFileReference; fileEncoding = 4; lastKnownFileType = sourcecode.swift; path = DateUtilities.swift; sourceTree = "<group>"; };
		B1B5048F2AC5A3B600DA66B7 /* Main.swift */ = {isa = PBXFileReference; fileEncoding = 4; lastKnownFileType = sourcecode.swift; path = Main.swift; sourceTree = "<group>"; };
		B1B504932AC5A3B600DA66B7 /* SavedTab.swift */ = {isa = PBXFileReference; fileEncoding = 4; lastKnownFileType = sourcecode.swift; path = SavedTab.swift; sourceTree = "<group>"; };
		B1B504952AC5A3B600DA66B7 /* TokenTypeSelection.swift */ = {isa = PBXFileReference; fileEncoding = 4; lastKnownFileType = sourcecode.swift; path = TokenTypeSelection.swift; sourceTree = "<group>"; };
		B1B504962AC5A3B600DA66B7 /* Success.swift */ = {isa = PBXFileReference; fileEncoding = 4; lastKnownFileType = sourcecode.swift; path = Success.swift; sourceTree = "<group>"; };
		B1B504972AC5A3B600DA66B7 /* ListenerSettings.swift */ = {isa = PBXFileReference; fileEncoding = 4; lastKnownFileType = sourcecode.swift; path = ListenerSettings.swift; sourceTree = "<group>"; };
		B1B504992AC5A3B600DA66B7 /* ListeningTab.swift */ = {isa = PBXFileReference; fileEncoding = 4; lastKnownFileType = sourcecode.swift; path = ListeningTab.swift; sourceTree = "<group>"; };
		B1B5049A2AC5A3B600DA66B7 /* NotificationSelection.swift */ = {isa = PBXFileReference; fileEncoding = 4; lastKnownFileType = sourcecode.swift; path = NotificationSelection.swift; sourceTree = "<group>"; };
		B1B5049C2AC5A3B600DA66B7 /* ListenerTypeSelection.swift */ = {isa = PBXFileReference; fileEncoding = 4; lastKnownFileType = sourcecode.swift; path = ListenerTypeSelection.swift; sourceTree = "<group>"; };
		B1B504A02AC5A3B600DA66B7 /* Hourmark.swift */ = {isa = PBXFileReference; fileEncoding = 4; lastKnownFileType = sourcecode.swift; path = Hourmark.swift; sourceTree = "<group>"; };
		B1B504A52AC5A3B600DA66B7 /* NavBar.swift */ = {isa = PBXFileReference; fileEncoding = 4; lastKnownFileType = sourcecode.swift; path = NavBar.swift; sourceTree = "<group>"; };
		B1B504A72AC5A3B600DA66B7 /* IndentedWithHeaderLayout.swift */ = {isa = PBXFileReference; fileEncoding = 4; lastKnownFileType = sourcecode.swift; path = IndentedWithHeaderLayout.swift; sourceTree = "<group>"; };
		B1B504A82AC5A3B600DA66B7 /* ContentView.swift */ = {isa = PBXFileReference; fileEncoding = 4; lastKnownFileType = sourcecode.swift; path = ContentView.swift; sourceTree = "<group>"; };
		B1BE377F2AC01BE900104A4A /* HZ24Tests.xctest */ = {isa = PBXFileReference; explicitFileType = wrapper.cfbundle; includeInIndex = 0; path = HZ24Tests.xctest; sourceTree = BUILT_PRODUCTS_DIR; };
		B1BE37812AC01BE900104A4A /* ThirdWebRPCTests.swift */ = {isa = PBXFileReference; lastKnownFileType = sourcecode.swift; path = ThirdWebRPCTests.swift; sourceTree = "<group>"; };
		B1BE378F2AC03E5600104A4A /* DefaultEventsProviderTests.swift */ = {isa = PBXFileReference; lastKnownFileType = sourcecode.swift; path = DefaultEventsProviderTests.swift; sourceTree = "<group>"; };
		B1DE65FB2AC9329D00BED08E /* ListenerEnable.swift */ = {isa = PBXFileReference; lastKnownFileType = sourcecode.swift; path = ListenerEnable.swift; sourceTree = "<group>"; };
		B1DE65FD2ACF522500BED08E /* EnterContractAddress.swift */ = {isa = PBXFileReference; lastKnownFileType = sourcecode.swift; path = EnterContractAddress.swift; sourceTree = "<group>"; };
		B1DE65FF2AD0143E00BED08E /* SelectEventTypes.swift */ = {isa = PBXFileReference; lastKnownFileType = sourcecode.swift; path = SelectEventTypes.swift; sourceTree = "<group>"; };
		B1DE66012AD1015200BED08E /* FeedTab.swift */ = {isa = PBXFileReference; fileEncoding = 4; lastKnownFileType = sourcecode.swift; path = FeedTab.swift; sourceTree = "<group>"; };
		B1DE66042AD1024E00BED08E /* TimeSegment.swift */ = {isa = PBXFileReference; fileEncoding = 4; lastKnownFileType = sourcecode.swift; path = TimeSegment.swift; sourceTree = "<group>"; };
		B1DE66062AD1028A00BED08E /* HorizontalDivider.swift */ = {isa = PBXFileReference; lastKnownFileType = sourcecode.swift; path = HorizontalDivider.swift; sourceTree = "<group>"; };
		B1DE66082AD10B3000BED08E /* EventDetails.swift */ = {isa = PBXFileReference; fileEncoding = 4; lastKnownFileType = sourcecode.swift; path = EventDetails.swift; sourceTree = "<group>"; };
/* End PBXFileReference section */

/* Begin PBXFrameworksBuildPhase section */
		A220745C2A7D5FF0002FD6CB /* Frameworks */ = {
			isa = PBXFrameworksBuildPhase;
			buildActionMask = 2147483647;
			files = (
				A208631B2AD70F7500FC938D /* web3.swift in Frameworks */,
			);
			runOnlyForDeploymentPostprocessing = 0;
		};
		A2A819882AD58B82004E7AF5 /* Frameworks */ = {
			isa = PBXFrameworksBuildPhase;
			buildActionMask = 2147483647;
			files = (
				A2A8198F2AD58B82004E7AF5 /* SwiftUI.framework in Frameworks */,
				A2A8198D2AD58B82004E7AF5 /* WidgetKit.framework in Frameworks */,
			);
			runOnlyForDeploymentPostprocessing = 0;
		};
		B1BE377C2AC01BE900104A4A /* Frameworks */ = {
			isa = PBXFrameworksBuildPhase;
			buildActionMask = 2147483647;
			files = (
				B1ACC1682AD77962001AAFC1 /* web3.swift in Frameworks */,
			);
			runOnlyForDeploymentPostprocessing = 0;
		};
/* End PBXFrameworksBuildPhase section */

/* Begin PBXGroup section */
		A22074562A7D5FF0002FD6CB = {
			isa = PBXGroup;
			children = (
				A2A819AA2AD596AF004E7AF5 /* HZ24WidgetExtension.entitlements */,
				B1B504672AC5A3B600DA66B7 /* HZ24 */,
				B19E75132A99694B008E9FF4 /* README.md */,
				B1BE37802AC01BE900104A4A /* HZ24Tests */,
				A2A819902AD58B82004E7AF5 /* HZ24Widget */,
				A22074602A7D5FF0002FD6CB /* Products */,
				B1BE37912AC03F9300104A4A /* Frameworks */,
			);
			sourceTree = "<group>";
		};
		A22074602A7D5FF0002FD6CB /* Products */ = {
			isa = PBXGroup;
			children = (
				A220745F2A7D5FF0002FD6CB /* HZ24.app */,
				B1BE377F2AC01BE900104A4A /* HZ24Tests.xctest */,
				A2A8198B2AD58B82004E7AF5 /* HZ24WidgetExtension.appex */,
			);
			name = Products;
			sourceTree = "<group>";
		};
		A2A819902AD58B82004E7AF5 /* HZ24Widget */ = {
			isa = PBXGroup;
			children = (
				A2A819BA2AD5DEFE004E7AF5 /* Widget */,
				A2A819BB2AD5DF12004E7AF5 /* VIew */,
				A2A819932AD58B82004E7AF5 /* HZ24Widget.intentdefinition */,
				A2A819942AD58B86004E7AF5 /* Assets.xcassets */,
				A2A819962AD58B86004E7AF5 /* Info.plist */,
			);
			path = HZ24Widget;
			sourceTree = "<group>";
		};
		A2A819BA2AD5DEFE004E7AF5 /* Widget */ = {
			isa = PBXGroup;
			children = (
				A2A819B62AD5D81A004E7AF5 /* HZ24EventProvider.swift */,
				A2A819912AD58B82004E7AF5 /* HZ24Widget.swift */,
			);
			path = Widget;
			sourceTree = "<group>";
		};
		A2A819BB2AD5DF12004E7AF5 /* VIew */ = {
			isa = PBXGroup;
			children = (
				A2A819B82AD5D8F4004E7AF5 /* HZ24WidgetEntryView.swift */,
			);
			path = VIew;
			sourceTree = "<group>";
		};
		B15322772ADA20CD00B0B43C /* Scanner */ = {
			isa = PBXGroup;
			children = (
				B15322782ADA20E600B0B43C /* Scanner.swift */,
				B153227A2ADA219500B0B43C /* ScannerView.swift */,
				B153227C2ADA22C300B0B43C /* CameraDelegate.swift */,
				B153227E2ADA247000B0B43C /* CameraPreview.swift */,
				B15322812ADA28A400B0B43C /* CameraPreviewRepresentable.swift */,
			);
			path = Scanner;
			sourceTree = "<group>";
		};
		B15322832ADA30DA00B0B43C /* Validation */ = {
			isa = PBXGroup;
			children = (
				B15322842ADA30E600B0B43C /* Validation.swift */,
			);
			path = Validation;
			sourceTree = "<group>";
		};
		B15322862ADA8FC700B0B43C /* ListenerSettings */ = {
			isa = PBXGroup;
			children = (
				B1B504972AC5A3B600DA66B7 /* ListenerSettings.swift */,
				B1DE65FB2AC9329D00BED08E /* ListenerEnable.swift */,
			);
			path = ListenerSettings;
			sourceTree = "<group>";
		};
		B15322872ADA902E00B0B43C /* AddNewTokenListener */ = {
			isa = PBXGroup;
			children = (
				B1B504952AC5A3B600DA66B7 /* TokenTypeSelection.swift */,
			);
			path = AddNewTokenListener;
			sourceTree = "<group>";
		};
		B15322882ADA903900B0B43C /* AddExistingTokenListener */ = {
			isa = PBXGroup;
			children = (
				B1DE65FD2ACF522500BED08E /* EnterContractAddress.swift */,
				B1DE65FF2AD0143E00BED08E /* SelectEventTypes.swift */,
			);
			path = AddExistingTokenListener;
			sourceTree = "<group>";
		};
		B15322892ADA975A00B0B43C /* Core Data */ = {
			isa = PBXGroup;
			children = (
				B153228C2ADA975A00B0B43C /* CoreDataProvider.swift */,
				B153228B2ADA975A00B0B43C /* Persistence.swift */,
				B153228D2ADA975A00B0B43C /* NSFetchRequests.swift */,
				B153228E2ADA975A00B0B43C /* Model.xcdatamodeld */,
				B153228A2ADA975A00B0B43C /* Event+CoreDataClass.swift */,
				B15322902ADA975A00B0B43C /* Listener+CoreDataClass.swift */,
			);
			path = "Core Data";
			sourceTree = "<group>";
		};
		B1ACC1712AD7D1B9001AAFC1 /* EventDetails */ = {
			isa = PBXGroup;
			children = (
				B1DE66082AD10B3000BED08E /* EventDetails.swift */,
				B1ACC1692AD794F0001AAFC1 /* NewTokenEventDetails.swift */,
				B1ACC16B2AD79814001AAFC1 /* MetadataEventDetails.swift */,
				B1ACC16F2AD7C217001AAFC1 /* MintCommentEventDetails.swift */,
				B1ACC16D2AD79ECF001AAFC1 /* BlockchainInfo.swift */,
			);
			path = EventDetails;
			sourceTree = "<group>";
		};
		B1B504672AC5A3B600DA66B7 /* HZ24 */ = {
			isa = PBXGroup;
			children = (
				B1B5048F2AC5A3B600DA66B7 /* Main.swift */,
				A2A819842AD57A63004E7AF5 /* HZ24.entitlements */,
				B15322802ADA284C00B0B43C /* Info.plist */,
				B1A1098E2AD8AE6800FDEE8B /* Documentation.docc */,
				B15322892ADA975A00B0B43C /* Core Data */,
				B1B5046F2AC5A3B600DA66B7 /* Networking */,
				B1B504742AC5A3B600DA66B7 /* Enums */,
				B15322772ADA20CD00B0B43C /* Scanner */,
				B1B504902AC5A3B600DA66B7 /* Views */,
				B1B504842AC5A3B600DA66B7 /* Preview Content */,
				B1B5047A2AC5A3B600DA66B7 /* Assets.xcassets */,
			);
			path = HZ24;
			sourceTree = "<group>";
		};
		B1B5046F2AC5A3B600DA66B7 /* Networking */ = {
			isa = PBXGroup;
			children = (
				B1B504702AC5A3B600DA66B7 /* RPCProtocol.swift */,
				B1B504722AC5A3B600DA66B7 /* ThirdWebRPC.swift */,
				B1B504732AC5A3B600DA66B7 /* EventsProvider.swift */,
				B1B504712AC5A3B600DA66B7 /* DefaultEventsProvider.swift */,
			);
			path = Networking;
			sourceTree = "<group>";
		};
		B1B504742AC5A3B600DA66B7 /* Enums */ = {
			isa = PBXGroup;
			children = (
				B1B504752AC5A3B600DA66B7 /* MetadataEventABI.swift */,
				B1B504762AC5A3B600DA66B7 /* MintCommentEventABI.swift */,
				B1B504782AC5A3B600DA66B7 /* ERC.swift */,
			);
			path = Enums;
			sourceTree = "<group>";
		};
		B1B504842AC5A3B600DA66B7 /* Preview Content */ = {
			isa = PBXGroup;
			children = (
				B140E9082AD15C7500519526 /* PreviewModels.swift */,
				B1B504852AC5A3B600DA66B7 /* SavedEvents.json */,
				B1B504862AC5A3B600DA66B7 /* SmartContracts.json */,
				B1B504872AC5A3B600DA66B7 /* EventTypes.json */,
				B1B504882AC5A3B600DA66B7 /* Users.json */,
				B1B504892AC5A3B600DA66B7 /* Preview Assets.xcassets */,
				B1B5048A2AC5A3B600DA66B7 /* EventLogs.json */,
				B1B5048B2AC5A3B600DA66B7 /* NotifcationType.json */,
				B1B5048C2AC5A3B600DA66B7 /* EventSubscriptions.json */,
			);
			path = "Preview Content";
			sourceTree = "<group>";
		};
		B1B504902AC5A3B600DA66B7 /* Views */ = {
			isa = PBXGroup;
			children = (
				B1B504A82AC5A3B600DA66B7 /* ContentView.swift */,
				B1B504A52AC5A3B600DA66B7 /* NavBar.swift */,
				B1B504912AC5A3B600DA66B7 /* Tabs */,
				B1B504A62AC5A3B600DA66B7 /* Layouts */,
			);
			path = Views;
			sourceTree = "<group>";
		};
		B1B504912AC5A3B600DA66B7 /* Tabs */ = {
			isa = PBXGroup;
			children = (
				B1B504922AC5A3B600DA66B7 /* Saved */,
				B1B504942AC5A3B600DA66B7 /* Listening */,
				B1B5049E2AC5A3B600DA66B7 /* Feed */,
			);
			path = Tabs;
			sourceTree = "<group>";
		};
		B1B504922AC5A3B600DA66B7 /* Saved */ = {
			isa = PBXGroup;
			children = (
				B1B504932AC5A3B600DA66B7 /* SavedTab.swift */,
				A2AEBE882AD24EE00056AB1F /* PageView.swift */,
				A2AEBE8A2AD24F3F0056AB1F /* PageViewController.swift */,
				A2AEBE8C2AD24F5E0056AB1F /* PageControl.swift */,
				A2AEBE8E2AD254250056AB1F /* Tutorials.swift */,
			);
			path = Saved;
			sourceTree = "<group>";
		};
		B1B504942AC5A3B600DA66B7 /* Listening */ = {
			isa = PBXGroup;
			children = (
				B1B504992AC5A3B600DA66B7 /* ListeningTab.swift */,
				B137A4AD2AD4E63D00A06727 /* ListenerRowItem.swift */,
				B137A4AF2AD564CA00A06727 /* AddListenerButton.swift */,
				B15322862ADA8FC700B0B43C /* ListenerSettings */,
				B1B504DE2AC65EDF00DA66B7 /* AddListenerFlow */,
			);
			path = Listening;
			sourceTree = "<group>";
		};
		B1B5049E2AC5A3B600DA66B7 /* Feed */ = {
			isa = PBXGroup;
			children = (
				B1DE66012AD1015200BED08E /* FeedTab.swift */,
				B140E9062AD1143700519526 /* EventRowItem.swift */,
				B1B504A02AC5A3B600DA66B7 /* Hourmark.swift */,
				B1DE66042AD1024E00BED08E /* TimeSegment.swift */,
				B1DE66062AD1028A00BED08E /* HorizontalDivider.swift */,
				B1ACC1712AD7D1B9001AAFC1 /* EventDetails */,
				B1B5048E2AC5A3B600DA66B7 /* DateUtilities.swift */,
			);
			path = Feed;
			sourceTree = "<group>";
		};
		B1B504A62AC5A3B600DA66B7 /* Layouts */ = {
			isa = PBXGroup;
			children = (
				B1B504A72AC5A3B600DA66B7 /* IndentedWithHeaderLayout.swift */,
			);
			path = Layouts;
			sourceTree = "<group>";
		};
		B1B504DE2AC65EDF00DA66B7 /* AddListenerFlow */ = {
			isa = PBXGroup;
			children = (
				B1B5049C2AC5A3B600DA66B7 /* ListenerTypeSelection.swift */,
				B1ACC15D2AD6BD57001AAFC1 /* FormOption.swift */,
				B15322872ADA902E00B0B43C /* AddNewTokenListener */,
				B15322882ADA903900B0B43C /* AddExistingTokenListener */,
				B1B5049A2AC5A3B600DA66B7 /* NotificationSelection.swift */,
				B1B504962AC5A3B600DA66B7 /* Success.swift */,
				B15322832ADA30DA00B0B43C /* Validation */,
			);
			path = AddListenerFlow;
			sourceTree = "<group>";
		};
		B1BE37802AC01BE900104A4A /* HZ24Tests */ = {
			isa = PBXGroup;
			children = (
				B1BE37812AC01BE900104A4A /* ThirdWebRPCTests.swift */,
				B1BE378F2AC03E5600104A4A /* DefaultEventsProviderTests.swift */,
				B1AD3B8E2AC4370700912CF5 /* CoreDataTests.swift */,
			);
			path = HZ24Tests;
			sourceTree = "<group>";
		};
		B1BE37912AC03F9300104A4A /* Frameworks */ = {
			isa = PBXGroup;
			children = (
				A2A8198C2AD58B82004E7AF5 /* WidgetKit.framework */,
				A2A8198E2AD58B82004E7AF5 /* SwiftUI.framework */,
			);
			name = Frameworks;
			sourceTree = "<group>";
		};
/* End PBXGroup section */

/* Begin PBXNativeTarget section */
		A220745E2A7D5FF0002FD6CB /* HZ24 */ = {
			isa = PBXNativeTarget;
			buildConfigurationList = A220746D2A7D5FF3002FD6CB /* Build configuration list for PBXNativeTarget "HZ24" */;
			buildPhases = (
				A220745B2A7D5FF0002FD6CB /* Sources */,
				A220745C2A7D5FF0002FD6CB /* Frameworks */,
				A220745D2A7D5FF0002FD6CB /* Resources */,
				A2A8199F2AD58B86004E7AF5 /* Embed App Extensions */,
			);
			buildRules = (
			);
			dependencies = (
				A2A8199A2AD58B86004E7AF5 /* PBXTargetDependency */,
			);
			name = HZ24;
			packageProductDependencies = (
				A208631A2AD70F7500FC938D /* web3.swift */,
			);
			productName = "a1-s3713342";
			productReference = A220745F2A7D5FF0002FD6CB /* HZ24.app */;
			productType = "com.apple.product-type.application";
		};
		A2A8198A2AD58B82004E7AF5 /* HZ24WidgetExtension */ = {
			isa = PBXNativeTarget;
			buildConfigurationList = A2A8199C2AD58B86004E7AF5 /* Build configuration list for PBXNativeTarget "HZ24WidgetExtension" */;
			buildPhases = (
				A2A819872AD58B82004E7AF5 /* Sources */,
				A2A819882AD58B82004E7AF5 /* Frameworks */,
				A2A819892AD58B82004E7AF5 /* Resources */,
			);
			buildRules = (
			);
			dependencies = (
			);
			name = HZ24WidgetExtension;
			productName = HZ24WidgetExtension;
			productReference = A2A8198B2AD58B82004E7AF5 /* HZ24WidgetExtension.appex */;
			productType = "com.apple.product-type.app-extension";
		};
		B1BE377E2AC01BE900104A4A /* HZ24Tests */ = {
			isa = PBXNativeTarget;
			buildConfigurationList = B1BE37852AC01BE900104A4A /* Build configuration list for PBXNativeTarget "HZ24Tests" */;
			buildPhases = (
				B1BE377B2AC01BE900104A4A /* Sources */,
				B1BE377C2AC01BE900104A4A /* Frameworks */,
				B1BE377D2AC01BE900104A4A /* Resources */,
			);
			buildRules = (
			);
			dependencies = (
				B1BE37842AC01BE900104A4A /* PBXTargetDependency */,
			);
			name = HZ24Tests;
			packageProductDependencies = (
				B1ACC1672AD77962001AAFC1 /* web3.swift */,
			);
			productName = 24HZTests;
			productReference = B1BE377F2AC01BE900104A4A /* HZ24Tests.xctest */;
			productType = "com.apple.product-type.bundle.unit-test";
		};
/* End PBXNativeTarget section */

/* Begin PBXProject section */
		A22074572A7D5FF0002FD6CB /* Project object */ = {
			isa = PBXProject;
			attributes = {
				BuildIndependentTargetsInParallel = 1;
				LastSwiftUpdateCheck = 1320;
				LastUpgradeCheck = 1320;
				TargetAttributes = {
					A220745E2A7D5FF0002FD6CB = {
						CreatedOnToolsVersion = 13.2;
					};
					A2A8198A2AD58B82004E7AF5 = {
						CreatedOnToolsVersion = 13.2;
					};
					B1BE377E2AC01BE900104A4A = {
						CreatedOnToolsVersion = 14.3.1;
						TestTargetID = A220745E2A7D5FF0002FD6CB;
					};
				};
			};
			buildConfigurationList = A220745A2A7D5FF0002FD6CB /* Build configuration list for PBXProject "HZ24" */;
			compatibilityVersion = "Xcode 13.0";
			developmentRegion = en;
			hasScannedForEncodings = 0;
			knownRegions = (
				en,
				Base,
			);
			mainGroup = A22074562A7D5FF0002FD6CB;
			packageReferences = (
				A20863192AD70F7500FC938D /* XCRemoteSwiftPackageReference "web3" */,
			);
			productRefGroup = A22074602A7D5FF0002FD6CB /* Products */;
			projectDirPath = "";
			projectRoot = "";
			targets = (
				A220745E2A7D5FF0002FD6CB /* HZ24 */,
				B1BE377E2AC01BE900104A4A /* HZ24Tests */,
				A2A8198A2AD58B82004E7AF5 /* HZ24WidgetExtension */,
			);
		};
/* End PBXProject section */

/* Begin PBXResourcesBuildPhase section */
		A220745D2A7D5FF0002FD6CB /* Resources */ = {
			isa = PBXResourcesBuildPhase;
			buildActionMask = 2147483647;
			files = (
				B1B504C02AC5A3B600DA66B7 /* SavedEvents.json in Resources */,
				B1B504B72AC5A3B600DA66B7 /* Assets.xcassets in Resources */,
				B1B504C22AC5A3B600DA66B7 /* EventTypes.json in Resources */,
				B1B504C52AC5A3B600DA66B7 /* EventLogs.json in Resources */,
				B1B504C62AC5A3B600DA66B7 /* NotifcationType.json in Resources */,
				B1B504C32AC5A3B600DA66B7 /* Users.json in Resources */,
				B1B504C42AC5A3B600DA66B7 /* Preview Assets.xcassets in Resources */,
				B1B504C72AC5A3B600DA66B7 /* EventSubscriptions.json in Resources */,
				B1B504C12AC5A3B600DA66B7 /* SmartContracts.json in Resources */,
			);
			runOnlyForDeploymentPostprocessing = 0;
		};
		A2A819892AD58B82004E7AF5 /* Resources */ = {
			isa = PBXResourcesBuildPhase;
			buildActionMask = 2147483647;
			files = (
				A2A819952AD58B86004E7AF5 /* Assets.xcassets in Resources */,
			);
			runOnlyForDeploymentPostprocessing = 0;
		};
		B1BE377D2AC01BE900104A4A /* Resources */ = {
			isa = PBXResourcesBuildPhase;
			buildActionMask = 2147483647;
			files = (
			);
			runOnlyForDeploymentPostprocessing = 0;
		};
/* End PBXResourcesBuildPhase section */

/* Begin PBXSourcesBuildPhase section */
		A220745B2A7D5FF0002FD6CB /* Sources */ = {
			isa = PBXSourcesBuildPhase;
			buildActionMask = 2147483647;
			files = (
				B1DE66002AD0143E00BED08E /* SelectEventTypes.swift in Sources */,
				B137A4AE2AD4E63D00A06727 /* ListenerRowItem.swift in Sources */,
				B153227B2ADA219500B0B43C /* ScannerView.swift in Sources */,
				B1B504CB2AC5A3B600DA66B7 /* SavedTab.swift in Sources */,
				A2AEBE892AD24EE10056AB1F /* PageView.swift in Sources */,
				B1B504B02AC5A3B600DA66B7 /* ThirdWebRPC.swift in Sources */,
				B1B504D12AC5A3B600DA66B7 /* NotificationSelection.swift in Sources */,
				B15322792ADA20E600B0B43C /* Scanner.swift in Sources */,
				B15322942ADA9AB100B0B43C /* Model.xcdatamodeld in Sources */,
				B1DE66052AD1024E00BED08E /* TimeSegment.swift in Sources */,
				B1B504AF2AC5A3B600DA66B7 /* DefaultEventsProvider.swift in Sources */,
				B15322852ADA30E600B0B43C /* Validation.swift in Sources */,
				B137A4B02AD564CA00A06727 /* AddListenerButton.swift in Sources */,
				B1ACC1702AD7C217001AAFC1 /* MintCommentEventDetails.swift in Sources */,
				B153227D2ADA22C300B0B43C /* CameraDelegate.swift in Sources */,
				A2A819982AD58B86004E7AF5 /* HZ24Widget.intentdefinition in Sources */,
				B1B504B12AC5A3B600DA66B7 /* EventsProvider.swift in Sources */,
				B1B504AE2AC5A3B600DA66B7 /* RPCProtocol.swift in Sources */,
				B1ACC16C2AD79814001AAFC1 /* MetadataEventDetails.swift in Sources */,
				B15322912ADA9AA700B0B43C /* CoreDataProvider.swift in Sources */,
				B15322922ADA9AAC00B0B43C /* Persistence.swift in Sources */,
				B153227F2ADA247000B0B43C /* CameraPreview.swift in Sources */,
				B1DE66092AD10B3000BED08E /* EventDetails.swift in Sources */,
				B1B504D02AC5A3B600DA66B7 /* ListeningTab.swift in Sources */,
				B1A1098F2AD8B7B300FDEE8B /* Documentation.docc in Sources */,
				B140E9072AD1143700519526 /* EventRowItem.swift in Sources */,
				B15322822ADA28A400B0B43C /* CameraPreviewRepresentable.swift in Sources */,
				B1B504DB2AC5A3B600DA66B7 /* NavBar.swift in Sources */,
				B1B504CD2AC5A3B600DA66B7 /* Success.swift in Sources */,
				B1ACC16E2AD79ECF001AAFC1 /* BlockchainInfo.swift in Sources */,
				B1B504CC2AC5A3B600DA66B7 /* TokenTypeSelection.swift in Sources */,
				B1DE66072AD1028A00BED08E /* HorizontalDivider.swift in Sources */,
				B15322982ADA9AB800B0B43C /* Listener+CoreDataClass.swift in Sources */,
				B1B504B22AC5A3B600DA66B7 /* MetadataEventABI.swift in Sources */,
				B1B504C92AC5A3B600DA66B7 /* DateUtilities.swift in Sources */,
				B140E9092AD15C7500519526 /* PreviewModels.swift in Sources */,
				A2AEBE8F2AD254260056AB1F /* Tutorials.swift in Sources */,
				B153229A2ADA9AD700B0B43C /* NSFetchRequests.swift in Sources */,
				B1ACC16A2AD794F0001AAFC1 /* NewTokenEventDetails.swift in Sources */,
				B1DE65FC2AC9329D00BED08E /* ListenerEnable.swift in Sources */,
				B1ACC15E2AD6BD57001AAFC1 /* FormOption.swift in Sources */,
				B1DE66022AD1015200BED08E /* FeedTab.swift in Sources */,
				B1DE65FE2ACF522500BED08E /* EnterContractAddress.swift in Sources */,
				B1B504CE2AC5A3B600DA66B7 /* ListenerSettings.swift in Sources */,
				B1B504DD2AC5A3B600DA66B7 /* ContentView.swift in Sources */,
				B1B504CA2AC5A3B600DA66B7 /* Main.swift in Sources */,
				A2AEBE8B2AD24F3F0056AB1F /* PageViewController.swift in Sources */,
				B1B504B52AC5A3B600DA66B7 /* ERC.swift in Sources */,
				B15322962ADA9AB500B0B43C /* Event+CoreDataClass.swift in Sources */,
				B1B504B32AC5A3B600DA66B7 /* MintCommentEventABI.swift in Sources */,
				A2AEBE8D2AD24F5E0056AB1F /* PageControl.swift in Sources */,
				B1B504D62AC5A3B600DA66B7 /* Hourmark.swift in Sources */,
				B1B504D32AC5A3B600DA66B7 /* ListenerTypeSelection.swift in Sources */,
				B1B504DC2AC5A3B600DA66B7 /* IndentedWithHeaderLayout.swift in Sources */,
			);
			runOnlyForDeploymentPostprocessing = 0;
		};
		A2A819872AD58B82004E7AF5 /* Sources */ = {
			isa = PBXSourcesBuildPhase;
			buildActionMask = 2147483647;
			files = (
				A2A819972AD58B86004E7AF5 /* HZ24Widget.intentdefinition in Sources */,
				B15322992ADA9ABA00B0B43C /* Listener+CoreDataClass.swift in Sources */,
				B15322972ADA9AB600B0B43C /* Event+CoreDataClass.swift in Sources */,
				A2A819922AD58B82004E7AF5 /* HZ24Widget.swift in Sources */,
				A2A819B92AD5D8F4004E7AF5 /* HZ24WidgetEntryView.swift in Sources */,
				A2A819B72AD5D81A004E7AF5 /* HZ24EventProvider.swift in Sources */,
				B15322932ADA9AAD00B0B43C /* Persistence.swift in Sources */,
				B15322952ADA9AB200B0B43C /* Model.xcdatamodeld in Sources */,
			);
			runOnlyForDeploymentPostprocessing = 0;
		};
		B1BE377B2AC01BE900104A4A /* Sources */ = {
			isa = PBXSourcesBuildPhase;
			buildActionMask = 2147483647;
			files = (
				B1BE37902AC03E5600104A4A /* DefaultEventsProviderTests.swift in Sources */,
				B1BE37822AC01BE900104A4A /* ThirdWebRPCTests.swift in Sources */,
				B1AD3B8F2AC4370700912CF5 /* CoreDataTests.swift in Sources */,
			);
			runOnlyForDeploymentPostprocessing = 0;
		};
/* End PBXSourcesBuildPhase section */

/* Begin PBXTargetDependency section */
		A2A8199A2AD58B86004E7AF5 /* PBXTargetDependency */ = {
			isa = PBXTargetDependency;
			target = A2A8198A2AD58B82004E7AF5 /* HZ24WidgetExtension */;
			targetProxy = A2A819992AD58B86004E7AF5 /* PBXContainerItemProxy */;
		};
		B1BE37842AC01BE900104A4A /* PBXTargetDependency */ = {
			isa = PBXTargetDependency;
			target = A220745E2A7D5FF0002FD6CB /* HZ24 */;
			targetProxy = B1BE37832AC01BE900104A4A /* PBXContainerItemProxy */;
		};
/* End PBXTargetDependency section */

/* Begin XCBuildConfiguration section */
		A220746B2A7D5FF3002FD6CB /* Debug */ = {
			isa = XCBuildConfiguration;
			buildSettings = {
				ALWAYS_SEARCH_USER_PATHS = NO;
				CLANG_ANALYZER_NONNULL = YES;
				CLANG_ANALYZER_NUMBER_OBJECT_CONVERSION = YES_AGGRESSIVE;
				CLANG_CXX_LANGUAGE_STANDARD = "gnu++17";
				CLANG_CXX_LIBRARY = "libc++";
				CLANG_ENABLE_MODULES = YES;
				CLANG_ENABLE_OBJC_ARC = YES;
				CLANG_ENABLE_OBJC_WEAK = YES;
				CLANG_WARN_BLOCK_CAPTURE_AUTORELEASING = YES;
				CLANG_WARN_BOOL_CONVERSION = YES;
				CLANG_WARN_COMMA = YES;
				CLANG_WARN_CONSTANT_CONVERSION = YES;
				CLANG_WARN_DEPRECATED_OBJC_IMPLEMENTATIONS = YES;
				CLANG_WARN_DIRECT_OBJC_ISA_USAGE = YES_ERROR;
				CLANG_WARN_DOCUMENTATION_COMMENTS = YES;
				CLANG_WARN_EMPTY_BODY = YES;
				CLANG_WARN_ENUM_CONVERSION = YES;
				CLANG_WARN_INFINITE_RECURSION = YES;
				CLANG_WARN_INT_CONVERSION = YES;
				CLANG_WARN_NON_LITERAL_NULL_CONVERSION = YES;
				CLANG_WARN_OBJC_IMPLICIT_RETAIN_SELF = YES;
				CLANG_WARN_OBJC_LITERAL_CONVERSION = YES;
				CLANG_WARN_OBJC_ROOT_CLASS = YES_ERROR;
				CLANG_WARN_QUOTED_INCLUDE_IN_FRAMEWORK_HEADER = YES;
				CLANG_WARN_RANGE_LOOP_ANALYSIS = YES;
				CLANG_WARN_STRICT_PROTOTYPES = YES;
				CLANG_WARN_SUSPICIOUS_MOVE = YES;
				CLANG_WARN_UNGUARDED_AVAILABILITY = YES_AGGRESSIVE;
				CLANG_WARN_UNREACHABLE_CODE = YES;
				CLANG_WARN__DUPLICATE_METHOD_MATCH = YES;
				COPY_PHASE_STRIP = NO;
				DEBUG_INFORMATION_FORMAT = dwarf;
				ENABLE_STRICT_OBJC_MSGSEND = YES;
				ENABLE_TESTABILITY = YES;
				GCC_C_LANGUAGE_STANDARD = gnu11;
				GCC_DYNAMIC_NO_PIC = NO;
				GCC_NO_COMMON_BLOCKS = YES;
				GCC_OPTIMIZATION_LEVEL = 0;
				GCC_PREPROCESSOR_DEFINITIONS = (
					"DEBUG=1",
					"$(inherited)",
				);
				GCC_WARN_64_TO_32_BIT_CONVERSION = YES;
				GCC_WARN_ABOUT_RETURN_TYPE = YES_ERROR;
				GCC_WARN_UNDECLARED_SELECTOR = YES;
				GCC_WARN_UNINITIALIZED_AUTOS = YES_AGGRESSIVE;
				GCC_WARN_UNUSED_FUNCTION = YES;
				GCC_WARN_UNUSED_VARIABLE = YES;
				IPHONEOS_DEPLOYMENT_TARGET = 15.2;
				MTL_ENABLE_DEBUG_INFO = INCLUDE_SOURCE;
				MTL_FAST_MATH = YES;
				ONLY_ACTIVE_ARCH = YES;
				SDKROOT = iphoneos;
				SWIFT_ACTIVE_COMPILATION_CONDITIONS = DEBUG;
				SWIFT_OPTIMIZATION_LEVEL = "-Onone";
			};
			name = Debug;
		};
		A220746C2A7D5FF3002FD6CB /* Release */ = {
			isa = XCBuildConfiguration;
			buildSettings = {
				ALWAYS_SEARCH_USER_PATHS = NO;
				CLANG_ANALYZER_NONNULL = YES;
				CLANG_ANALYZER_NUMBER_OBJECT_CONVERSION = YES_AGGRESSIVE;
				CLANG_CXX_LANGUAGE_STANDARD = "gnu++17";
				CLANG_CXX_LIBRARY = "libc++";
				CLANG_ENABLE_MODULES = YES;
				CLANG_ENABLE_OBJC_ARC = YES;
				CLANG_ENABLE_OBJC_WEAK = YES;
				CLANG_WARN_BLOCK_CAPTURE_AUTORELEASING = YES;
				CLANG_WARN_BOOL_CONVERSION = YES;
				CLANG_WARN_COMMA = YES;
				CLANG_WARN_CONSTANT_CONVERSION = YES;
				CLANG_WARN_DEPRECATED_OBJC_IMPLEMENTATIONS = YES;
				CLANG_WARN_DIRECT_OBJC_ISA_USAGE = YES_ERROR;
				CLANG_WARN_DOCUMENTATION_COMMENTS = YES;
				CLANG_WARN_EMPTY_BODY = YES;
				CLANG_WARN_ENUM_CONVERSION = YES;
				CLANG_WARN_INFINITE_RECURSION = YES;
				CLANG_WARN_INT_CONVERSION = YES;
				CLANG_WARN_NON_LITERAL_NULL_CONVERSION = YES;
				CLANG_WARN_OBJC_IMPLICIT_RETAIN_SELF = YES;
				CLANG_WARN_OBJC_LITERAL_CONVERSION = YES;
				CLANG_WARN_OBJC_ROOT_CLASS = YES_ERROR;
				CLANG_WARN_QUOTED_INCLUDE_IN_FRAMEWORK_HEADER = YES;
				CLANG_WARN_RANGE_LOOP_ANALYSIS = YES;
				CLANG_WARN_STRICT_PROTOTYPES = YES;
				CLANG_WARN_SUSPICIOUS_MOVE = YES;
				CLANG_WARN_UNGUARDED_AVAILABILITY = YES_AGGRESSIVE;
				CLANG_WARN_UNREACHABLE_CODE = YES;
				CLANG_WARN__DUPLICATE_METHOD_MATCH = YES;
				COPY_PHASE_STRIP = NO;
				DEBUG_INFORMATION_FORMAT = "dwarf-with-dsym";
				ENABLE_NS_ASSERTIONS = NO;
				ENABLE_STRICT_OBJC_MSGSEND = YES;
				GCC_C_LANGUAGE_STANDARD = gnu11;
				GCC_NO_COMMON_BLOCKS = YES;
				GCC_WARN_64_TO_32_BIT_CONVERSION = YES;
				GCC_WARN_ABOUT_RETURN_TYPE = YES_ERROR;
				GCC_WARN_UNDECLARED_SELECTOR = YES;
				GCC_WARN_UNINITIALIZED_AUTOS = YES_AGGRESSIVE;
				GCC_WARN_UNUSED_FUNCTION = YES;
				GCC_WARN_UNUSED_VARIABLE = YES;
				IPHONEOS_DEPLOYMENT_TARGET = 15.2;
				MTL_ENABLE_DEBUG_INFO = NO;
				MTL_FAST_MATH = YES;
				SDKROOT = iphoneos;
				SWIFT_COMPILATION_MODE = wholemodule;
				SWIFT_OPTIMIZATION_LEVEL = "-O";
				VALIDATE_PRODUCT = YES;
			};
			name = Release;
		};
		A220746E2A7D5FF3002FD6CB /* Debug */ = {
			isa = XCBuildConfiguration;
			buildSettings = {
				ALWAYS_EMBED_SWIFT_STANDARD_LIBRARIES = YES;
				ASSETCATALOG_COMPILER_APPICON_NAME = AppIcon;
				ASSETCATALOG_COMPILER_GLOBAL_ACCENT_COLOR_NAME = AccentColor;
				CODE_SIGN_ENTITLEMENTS = HZ24/HZ24.entitlements;
				CODE_SIGN_STYLE = Automatic;
				CURRENT_PROJECT_VERSION = 1;
				DEVELOPMENT_ASSET_PATHS = "HZ24/Preview\\ Content";
				DEVELOPMENT_TEAM = U6V5MXK3VE;
				ENABLE_PREVIEWS = YES;
				"EXCLUDED_SOURCE_FILE_NAMES[arch=*]" = "";
				GENERATE_INFOPLIST_FILE = YES;
				INFOPLIST_FILE = HZ24/Info.plist;
				INFOPLIST_KEY_NSCameraUsageDescription = "Camera access required to scan QR code.";
				INFOPLIST_KEY_UIApplicationSceneManifest_Generation = YES;
				INFOPLIST_KEY_UIApplicationSupportsIndirectInputEvents = YES;
				INFOPLIST_KEY_UILaunchScreen_Generation = YES;
				INFOPLIST_KEY_UISupportedInterfaceOrientations_iPad = "UIInterfaceOrientationPortrait UIInterfaceOrientationPortraitUpsideDown UIInterfaceOrientationLandscapeLeft UIInterfaceOrientationLandscapeRight";
				INFOPLIST_KEY_UISupportedInterfaceOrientations_iPhone = "UIInterfaceOrientationPortrait UIInterfaceOrientationLandscapeLeft UIInterfaceOrientationLandscapeRight";
				LD_RUNPATH_SEARCH_PATHS = (
					"$(inherited)",
					"@executable_path/Frameworks",
				);
				MARKETING_VERSION = 1.0;
				PRODUCT_BUNDLE_IDENTIFIER = "com.Min-Jin.24HZ";
				PRODUCT_NAME = "$(TARGET_NAME)";
				RUN_DOCUMENTATION_COMPILER = YES;
				SWIFT_EMIT_LOC_STRINGS = YES;
				SWIFT_VERSION = 5.0;
				TARGETED_DEVICE_FAMILY = "1,2";
			};
			name = Debug;
		};
		A220746F2A7D5FF3002FD6CB /* Release */ = {
			isa = XCBuildConfiguration;
			buildSettings = {
				ALWAYS_EMBED_SWIFT_STANDARD_LIBRARIES = YES;
				ASSETCATALOG_COMPILER_APPICON_NAME = AppIcon;
				ASSETCATALOG_COMPILER_GLOBAL_ACCENT_COLOR_NAME = AccentColor;
				CODE_SIGN_ENTITLEMENTS = HZ24/HZ24.entitlements;
				CODE_SIGN_STYLE = Automatic;
				CURRENT_PROJECT_VERSION = 1;
				DEVELOPMENT_ASSET_PATHS = "HZ24/Preview\\ Content";
				DEVELOPMENT_TEAM = U6V5MXK3VE;
				ENABLE_PREVIEWS = YES;
				GENERATE_INFOPLIST_FILE = YES;
				INFOPLIST_FILE = HZ24/Info.plist;
				INFOPLIST_KEY_NSCameraUsageDescription = "Camera access required to scan QR code.";
				INFOPLIST_KEY_UIApplicationSceneManifest_Generation = YES;
				INFOPLIST_KEY_UIApplicationSupportsIndirectInputEvents = YES;
				INFOPLIST_KEY_UILaunchScreen_Generation = YES;
				INFOPLIST_KEY_UISupportedInterfaceOrientations_iPad = "UIInterfaceOrientationPortrait UIInterfaceOrientationPortraitUpsideDown UIInterfaceOrientationLandscapeLeft UIInterfaceOrientationLandscapeRight";
				INFOPLIST_KEY_UISupportedInterfaceOrientations_iPhone = "UIInterfaceOrientationPortrait UIInterfaceOrientationLandscapeLeft UIInterfaceOrientationLandscapeRight";
				LD_RUNPATH_SEARCH_PATHS = (
					"$(inherited)",
					"@executable_path/Frameworks",
				);
				MARKETING_VERSION = 1.0;
				PRODUCT_BUNDLE_IDENTIFIER = "com.Min-Jin.24HZ";
				PRODUCT_NAME = "$(TARGET_NAME)";
				RUN_DOCUMENTATION_COMPILER = YES;
				SWIFT_EMIT_LOC_STRINGS = YES;
				SWIFT_VERSION = 5.0;
				TARGETED_DEVICE_FAMILY = "1,2";
			};
			name = Release;
		};
		A2A8199D2AD58B86004E7AF5 /* Debug */ = {
			isa = XCBuildConfiguration;
			buildSettings = {
				ASSETCATALOG_COMPILER_GLOBAL_ACCENT_COLOR_NAME = AccentColor;
				ASSETCATALOG_COMPILER_WIDGET_BACKGROUND_COLOR_NAME = WidgetBackground;
				CODE_SIGN_ENTITLEMENTS = HZ24WidgetExtension.entitlements;
				CODE_SIGN_STYLE = Automatic;
				CURRENT_PROJECT_VERSION = 1;
				DEVELOPMENT_TEAM = U6V5MXK3VE;
				GENERATE_INFOPLIST_FILE = YES;
				INFOPLIST_FILE = HZ24Widget/Info.plist;
				INFOPLIST_KEY_CFBundleDisplayName = HZ24Widget;
				INFOPLIST_KEY_NSHumanReadableCopyright = "";
				LD_RUNPATH_SEARCH_PATHS = (
					"$(inherited)",
					"@executable_path/Frameworks",
					"@executable_path/../../Frameworks",
				);
				MARKETING_VERSION = 1.0;
				PRODUCT_BUNDLE_IDENTIFIER = "com.Min-Jin.24HZ.HZ24Widget";
				PRODUCT_NAME = "$(TARGET_NAME)";
				SKIP_INSTALL = YES;
				SWIFT_EMIT_LOC_STRINGS = YES;
				SWIFT_VERSION = 5.0;
				TARGETED_DEVICE_FAMILY = "1,2";
			};
			name = Debug;
		};
		A2A8199E2AD58B86004E7AF5 /* Release */ = {
			isa = XCBuildConfiguration;
			buildSettings = {
				ASSETCATALOG_COMPILER_GLOBAL_ACCENT_COLOR_NAME = AccentColor;
				ASSETCATALOG_COMPILER_WIDGET_BACKGROUND_COLOR_NAME = WidgetBackground;
				CODE_SIGN_ENTITLEMENTS = HZ24WidgetExtension.entitlements;
				CODE_SIGN_STYLE = Automatic;
				CURRENT_PROJECT_VERSION = 1;
				DEVELOPMENT_TEAM = U6V5MXK3VE;
				GENERATE_INFOPLIST_FILE = YES;
				INFOPLIST_FILE = HZ24Widget/Info.plist;
				INFOPLIST_KEY_CFBundleDisplayName = HZ24Widget;
				INFOPLIST_KEY_NSHumanReadableCopyright = "";
				LD_RUNPATH_SEARCH_PATHS = (
					"$(inherited)",
					"@executable_path/Frameworks",
					"@executable_path/../../Frameworks",
				);
				MARKETING_VERSION = 1.0;
				PRODUCT_BUNDLE_IDENTIFIER = "com.Min-Jin.24HZ.HZ24Widget";
				PRODUCT_NAME = "$(TARGET_NAME)";
				SKIP_INSTALL = YES;
				SWIFT_EMIT_LOC_STRINGS = YES;
				SWIFT_VERSION = 5.0;
				TARGETED_DEVICE_FAMILY = "1,2";
			};
			name = Release;
		};
		B1BE37862AC01BE900104A4A /* Debug */ = {
			isa = XCBuildConfiguration;
			buildSettings = {
				ALWAYS_EMBED_SWIFT_STANDARD_LIBRARIES = YES;
				BUNDLE_LOADER = "$(TEST_HOST)";
				CLANG_CXX_LANGUAGE_STANDARD = "gnu++20";
				CODE_SIGN_STYLE = Automatic;
				CURRENT_PROJECT_VERSION = 1;
				DEVELOPMENT_TEAM = U6V5MXK3VE;
				GENERATE_INFOPLIST_FILE = YES;
				IPHONEOS_DEPLOYMENT_TARGET = 15.2;
				MARKETING_VERSION = 1.0;
				PRODUCT_BUNDLE_IDENTIFIER = "com.Min-Jin.24HZTests";
				PRODUCT_NAME = "$(TARGET_NAME)";
				SUPPORTED_PLATFORMS = "iphoneos iphonesimulator";
				SUPPORTS_MACCATALYST = NO;
				SUPPORTS_MAC_DESIGNED_FOR_IPHONE_IPAD = YES;
				SWIFT_EMIT_LOC_STRINGS = NO;
				SWIFT_VERSION = 5.0;
				TARGETED_DEVICE_FAMILY = "1,2";
				TEST_HOST = "$(BUILT_PRODUCTS_DIR)/HZ24.app/$(BUNDLE_EXECUTABLE_FOLDER_PATH)/HZ24";
			};
			name = Debug;
		};
		B1BE37872AC01BE900104A4A /* Release */ = {
			isa = XCBuildConfiguration;
			buildSettings = {
				ALWAYS_EMBED_SWIFT_STANDARD_LIBRARIES = YES;
				BUNDLE_LOADER = "$(TEST_HOST)";
				CLANG_CXX_LANGUAGE_STANDARD = "gnu++20";
				CODE_SIGN_STYLE = Automatic;
				CURRENT_PROJECT_VERSION = 1;
				DEVELOPMENT_TEAM = U6V5MXK3VE;
				GENERATE_INFOPLIST_FILE = YES;
				IPHONEOS_DEPLOYMENT_TARGET = 15.2;
				MARKETING_VERSION = 1.0;
				PRODUCT_BUNDLE_IDENTIFIER = "com.Min-Jin.24HZTests";
				PRODUCT_NAME = "$(TARGET_NAME)";
				SUPPORTED_PLATFORMS = "iphoneos iphonesimulator";
				SUPPORTS_MACCATALYST = NO;
				SUPPORTS_MAC_DESIGNED_FOR_IPHONE_IPAD = YES;
				SWIFT_EMIT_LOC_STRINGS = NO;
				SWIFT_VERSION = 5.0;
				TARGETED_DEVICE_FAMILY = "1,2";
				TEST_HOST = "$(BUILT_PRODUCTS_DIR)/HZ24.app/$(BUNDLE_EXECUTABLE_FOLDER_PATH)/HZ24\n";
			};
			name = Release;
		};
/* End XCBuildConfiguration section */

/* Begin XCConfigurationList section */
		A220745A2A7D5FF0002FD6CB /* Build configuration list for PBXProject "HZ24" */ = {
			isa = XCConfigurationList;
			buildConfigurations = (
				A220746B2A7D5FF3002FD6CB /* Debug */,
				A220746C2A7D5FF3002FD6CB /* Release */,
			);
			defaultConfigurationIsVisible = 0;
			defaultConfigurationName = Release;
		};
		A220746D2A7D5FF3002FD6CB /* Build configuration list for PBXNativeTarget "HZ24" */ = {
			isa = XCConfigurationList;
			buildConfigurations = (
				A220746E2A7D5FF3002FD6CB /* Debug */,
				A220746F2A7D5FF3002FD6CB /* Release */,
			);
			defaultConfigurationIsVisible = 0;
			defaultConfigurationName = Release;
		};
		A2A8199C2AD58B86004E7AF5 /* Build configuration list for PBXNativeTarget "HZ24WidgetExtension" */ = {
			isa = XCConfigurationList;
			buildConfigurations = (
				A2A8199D2AD58B86004E7AF5 /* Debug */,
				A2A8199E2AD58B86004E7AF5 /* Release */,
			);
			defaultConfigurationIsVisible = 0;
			defaultConfigurationName = Release;
		};
		B1BE37852AC01BE900104A4A /* Build configuration list for PBXNativeTarget "HZ24Tests" */ = {
			isa = XCConfigurationList;
			buildConfigurations = (
				B1BE37862AC01BE900104A4A /* Debug */,
				B1BE37872AC01BE900104A4A /* Release */,
			);
			defaultConfigurationIsVisible = 0;
			defaultConfigurationName = Release;
		};
/* End XCConfigurationList section */

/* Begin XCRemoteSwiftPackageReference section */
		A20863192AD70F7500FC938D /* XCRemoteSwiftPackageReference "web3" */ = {
			isa = XCRemoteSwiftPackageReference;
			repositoryURL = "https://github.com/argentlabs/web3.swift";
			requirement = {
				kind = upToNextMajorVersion;
				minimumVersion = 1.0.0;
			};
		};
/* End XCRemoteSwiftPackageReference section */

/* Begin XCSwiftPackageProductDependency section */
		A208631A2AD70F7500FC938D /* web3.swift */ = {
			isa = XCSwiftPackageProductDependency;
			package = A20863192AD70F7500FC938D /* XCRemoteSwiftPackageReference "web3" */;
			productName = web3.swift;
		};
		B1ACC1672AD77962001AAFC1 /* web3.swift */ = {
			isa = XCSwiftPackageProductDependency;
			package = A20863192AD70F7500FC938D /* XCRemoteSwiftPackageReference "web3" */;
			productName = web3.swift;
		};
/* End XCSwiftPackageProductDependency section */

/* Begin XCVersionGroup section */
		B153228E2ADA975A00B0B43C /* Model.xcdatamodeld */ = {
			isa = XCVersionGroup;
			children = (
				B153228F2ADA975A00B0B43C /* Model.xcdatamodel */,
			);
			currentVersion = B153228F2ADA975A00B0B43C /* Model.xcdatamodel */;
			path = Model.xcdatamodeld;
			sourceTree = "<group>";
			versionGroupType = wrapper.xcdatamodel;
		};
/* End XCVersionGroup section */
	};
	rootObject = A22074572A7D5FF0002FD6CB /* Project object */;
}
