// !$*UTF8*$!
{
	archiveVersion = 1;
	classes = {
	};
	objectVersion = 55;
	objects = {

/* Begin PBXBuildFile section */
		A22074632A7D5FF0002FD6CB /* Main.swift in Sources */ = {isa = PBXBuildFile; fileRef = A22074622A7D5FF0002FD6CB /* Main.swift */; };
		A22074652A7D5FF0002FD6CB /* ContentView.swift in Sources */ = {isa = PBXBuildFile; fileRef = A22074642A7D5FF0002FD6CB /* ContentView.swift */; };
		A22074672A7D5FF3002FD6CB /* Assets.xcassets in Resources */ = {isa = PBXBuildFile; fileRef = A22074662A7D5FF3002FD6CB /* Assets.xcassets */; };
		A220746A2A7D5FF3002FD6CB /* Preview Assets.xcassets in Resources */ = {isa = PBXBuildFile; fileRef = A22074692A7D5FF3002FD6CB /* Preview Assets.xcassets */; };
		A220747B2A7D8579002FD6CB /* AddListenerFlowView0.swift in Sources */ = {isa = PBXBuildFile; fileRef = A220747A2A7D8579002FD6CB /* AddListenerFlowView0.swift */; };
		A220747D2A7D8C43002FD6CB /* AddListenerFlowView1.swift in Sources */ = {isa = PBXBuildFile; fileRef = A220747C2A7D8C43002FD6CB /* AddListenerFlowView1.swift */; };
		A28E3FEF2A9658C300BCD972 /* SwipeNavigation.swift in Sources */ = {isa = PBXBuildFile; fileRef = A28E3FEA2A9658C200BCD972 /* SwipeNavigation.swift */; };
		A28E3FF02A9658C300BCD972 /* SavedTab.swift in Sources */ = {isa = PBXBuildFile; fileRef = A28E3FEB2A9658C200BCD972 /* SavedTab.swift */; };
		A28E3FF22A9658C300BCD972 /* ListeningTab.swift in Sources */ = {isa = PBXBuildFile; fileRef = A28E3FED2A9658C200BCD972 /* ListeningTab.swift */; };
		A28E3FF32A9658C300BCD972 /* FeedTab.swift in Sources */ = {isa = PBXBuildFile; fileRef = A28E3FEE2A9658C200BCD972 /* FeedTab.swift */; };
		A2B7E5482A910240008912C9 /* DataModel.swift in Sources */ = {isa = PBXBuildFile; fileRef = A2B7E5472A910240008912C9 /* DataModel.swift */; };
		A2B7E54A2A91026C008912C9 /* BlockSettingView.swift in Sources */ = {isa = PBXBuildFile; fileRef = A2B7E5492A91026C008912C9 /* BlockSettingView.swift */; };
		A2B7E5502A911EA4008912C9 /* AddListenerFlowCustom1.swift in Sources */ = {isa = PBXBuildFile; fileRef = A2B7E54F2A911EA4008912C9 /* AddListenerFlowCustom1.swift */; };
		A2B7E5522A911EB0008912C9 /* AddListenerFlowCustom2.swift in Sources */ = {isa = PBXBuildFile; fileRef = A2B7E5512A911EB0008912C9 /* AddListenerFlowCustom2.swift */; };
		A2E020822A7D97DF00B5BF3C /* AddListenerFlowView2.swift in Sources */ = {isa = PBXBuildFile; fileRef = A2E020812A7D97DF00B5BF3C /* AddListenerFlowView2.swift */; };
		A2E020842A7D9A9500B5BF3C /* AddListenerFlowView3.swift in Sources */ = {isa = PBXBuildFile; fileRef = A2E020832A7D9A9500B5BF3C /* AddListenerFlowView3.swift */; };
		B13019142A96CF480002064E /* constants.swift in Sources */ = {isa = PBXBuildFile; fileRef = B130190F2A96CF480002064E /* constants.swift */; };
		B13019152A96CF480002064E /* TimeSegment.swift in Sources */ = {isa = PBXBuildFile; fileRef = B13019102A96CF480002064E /* TimeSegment.swift */; };
		B13019162A96CF480002064E /* utils.swift in Sources */ = {isa = PBXBuildFile; fileRef = B13019112A96CF480002064E /* utils.swift */; };
		B13019172A96CF480002064E /* Hourmark.swift in Sources */ = {isa = PBXBuildFile; fileRef = B13019122A96CF480002064E /* Hourmark.swift */; };
		B130191E2A96F2820002064E /* EventListenerType.swift in Sources */ = {isa = PBXBuildFile; fileRef = B130191D2A96F2820002064E /* EventListenerType.swift */; };
		B13019202A96F33D0002064E /* GenericListenerType.swift in Sources */ = {isa = PBXBuildFile; fileRef = B130191F2A96F33D0002064E /* GenericListenerType.swift */; };
		B13019222A96F4E00002064E /* ERC.swift in Sources */ = {isa = PBXBuildFile; fileRef = B13019212A96F4E00002064E /* ERC.swift */; };
		B130194A2A975B170002064E /* CapturedEventBlockPadded.swift in Sources */ = {isa = PBXBuildFile; fileRef = B13019492A975B170002064E /* CapturedEventBlockPadded.swift */; };
		B130195E2A9777590002064E /* SavedEvents.json in Resources */ = {isa = PBXBuildFile; fileRef = B13019562A9777590002064E /* SavedEvents.json */; };
		B130195F2A9777590002064E /* SmartContracts.json in Resources */ = {isa = PBXBuildFile; fileRef = B13019572A9777590002064E /* SmartContracts.json */; };
		B13019602A9777590002064E /* EventTypes.json in Resources */ = {isa = PBXBuildFile; fileRef = B13019582A9777590002064E /* EventTypes.json */; };
		B13019612A9777590002064E /* Users.json in Resources */ = {isa = PBXBuildFile; fileRef = B13019592A9777590002064E /* Users.json */; };
		B13019632A9777590002064E /* EventLogs.json in Resources */ = {isa = PBXBuildFile; fileRef = B130195B2A9777590002064E /* EventLogs.json */; };
		B13019642A9777590002064E /* NotifcationType.json in Resources */ = {isa = PBXBuildFile; fileRef = B130195C2A9777590002064E /* NotifcationType.json */; };
		B13019652A9777590002064E /* EventSubscriptions.json in Resources */ = {isa = PBXBuildFile; fileRef = B130195D2A9777590002064E /* EventSubscriptions.json */; };
		B13019692A977C2E0002064E /* JSON.swift in Sources */ = {isa = PBXBuildFile; fileRef = B13019682A977C2E0002064E /* JSON.swift */; };
		B13019772A983AAA0002064E /* SavedEvent.swift in Sources */ = {isa = PBXBuildFile; fileRef = B130196F2A983AAA0002064E /* SavedEvent.swift */; };
		B13019782A983AAA0002064E /* EventData.swift in Sources */ = {isa = PBXBuildFile; fileRef = B13019702A983AAA0002064E /* EventData.swift */; };
		B13019792A983AAA0002064E /* SmartContract.swift in Sources */ = {isa = PBXBuildFile; fileRef = B13019712A983AAA0002064E /* SmartContract.swift */; };
		B130197A2A983AAA0002064E /* EventType.swift in Sources */ = {isa = PBXBuildFile; fileRef = B13019722A983AAA0002064E /* EventType.swift */; };
		B130197B2A983AAA0002064E /* User.swift in Sources */ = {isa = PBXBuildFile; fileRef = B13019732A983AAA0002064E /* User.swift */; };
		B130197C2A983AAA0002064E /* EventLog.swift in Sources */ = {isa = PBXBuildFile; fileRef = B13019742A983AAA0002064E /* EventLog.swift */; };
		B130197D2A983AAA0002064E /* EventSubscription.swift in Sources */ = {isa = PBXBuildFile; fileRef = B13019752A983AAA0002064E /* EventSubscription.swift */; };
		B130197E2A983AAA0002064E /* NotificationType.swift in Sources */ = {isa = PBXBuildFile; fileRef = B13019762A983AAA0002064E /* NotificationType.swift */; };
		B19E751A2A99B73C008E9FF4 /* EventDetailView.swift in Sources */ = {isa = PBXBuildFile; fileRef = B19E75192A99B73C008E9FF4 /* EventDetailView.swift */; };
		B19E751F2A9AD7EC008E9FF4 /* IndentedWithHeaderLayout.swift in Sources */ = {isa = PBXBuildFile; fileRef = B19E751E2A9AD7EC008E9FF4 /* IndentedWithHeaderLayout.swift */; };
		B19E75232A9AF89A008E9FF4 /* CapturedEventBlock.swift in Sources */ = {isa = PBXBuildFile; fileRef = B19E75222A9AF89A008E9FF4 /* CapturedEventBlock.swift */; };
		B1AD3B8F2AC4370700912CF5 /* CoreDataTests.swift in Sources */ = {isa = PBXBuildFile; fileRef = B1AD3B8E2AC4370700912CF5 /* CoreDataTests.swift */; };
		B1AD3B912AC4F48900912CF5 /* NSFetchRequests.swift in Sources */ = {isa = PBXBuildFile; fileRef = B1AD3B902AC4F48900912CF5 /* NSFetchRequests.swift */; };
		B1B919AD2A9B0EE700DA837C /* utility.swift in Sources */ = {isa = PBXBuildFile; fileRef = B1B919AC2A9B0EE600DA837C /* utility.swift */; };
		B1BE37782AC0147600104A4A /* RPCProtocol.swift in Sources */ = {isa = PBXBuildFile; fileRef = B1BE37772AC0147600104A4A /* RPCProtocol.swift */; };
		B1BE377A2AC0159200104A4A /* ThirdWebRPC.swift in Sources */ = {isa = PBXBuildFile; fileRef = B1BE37792AC0159200104A4A /* ThirdWebRPC.swift */; };
		B1BE37822AC01BE900104A4A /* ThirdWebRPCTests.swift in Sources */ = {isa = PBXBuildFile; fileRef = B1BE37812AC01BE900104A4A /* ThirdWebRPCTests.swift */; };
		B1BE37892AC0386900104A4A /* EventsProvider.swift in Sources */ = {isa = PBXBuildFile; fileRef = B1BE37882AC0386900104A4A /* EventsProvider.swift */; };
		B1BE378C2AC03B0200104A4A /* web3.swift in Frameworks */ = {isa = PBXBuildFile; productRef = B1BE378B2AC03B0200104A4A /* web3.swift */; };
		B1BE378E2AC03BB800104A4A /* DefaultEventsProvider.swift in Sources */ = {isa = PBXBuildFile; fileRef = B1BE378D2AC03BB800104A4A /* DefaultEventsProvider.swift */; };
		B1BE37902AC03E5600104A4A /* DefaultEventsProviderTests.swift in Sources */ = {isa = PBXBuildFile; fileRef = B1BE378F2AC03E5600104A4A /* DefaultEventsProviderTests.swift */; };
		B1BE37932AC03F9300104A4A /* web3.swift in Frameworks */ = {isa = PBXBuildFile; productRef = B1BE37922AC03F9300104A4A /* web3.swift */; };
		B1BE37952AC1B51B00104A4A /* MetadataEventABI.swift in Sources */ = {isa = PBXBuildFile; fileRef = B1BE37942AC1B51B00104A4A /* MetadataEventABI.swift */; };
		B1BE37982AC2392900104A4A /* MintCommentEventABI.swift in Sources */ = {isa = PBXBuildFile; fileRef = B1BE37972AC2392900104A4A /* MintCommentEventABI.swift */; };
		B1BE379B2AC24AE700104A4A /* CoreDataProvider.swift in Sources */ = {isa = PBXBuildFile; fileRef = B1BE379A2AC24AE600104A4A /* CoreDataProvider.swift */; };
		B1BE37A02AC2644300104A4A /* Model.xcdatamodeld in Sources */ = {isa = PBXBuildFile; fileRef = B1BE379E2AC2644300104A4A /* Model.xcdatamodeld */; };
/* End PBXBuildFile section */

/* Begin PBXContainerItemProxy section */
		B1BE37832AC01BE900104A4A /* PBXContainerItemProxy */ = {
			isa = PBXContainerItemProxy;
			containerPortal = A22074572A7D5FF0002FD6CB /* Project object */;
			proxyType = 1;
			remoteGlobalIDString = A220745E2A7D5FF0002FD6CB;
			remoteInfo = 24HZ;
		};
/* End PBXContainerItemProxy section */

/* Begin PBXFileReference section */
		A220745F2A7D5FF0002FD6CB /* 24HZ.app */ = {isa = PBXFileReference; explicitFileType = wrapper.application; includeInIndex = 0; path = 24HZ.app; sourceTree = BUILT_PRODUCTS_DIR; };
		A22074622A7D5FF0002FD6CB /* Main.swift */ = {isa = PBXFileReference; lastKnownFileType = sourcecode.swift; path = Main.swift; sourceTree = "<group>"; };
		A22074642A7D5FF0002FD6CB /* ContentView.swift */ = {isa = PBXFileReference; lastKnownFileType = sourcecode.swift; path = ContentView.swift; sourceTree = "<group>"; };
		A22074662A7D5FF3002FD6CB /* Assets.xcassets */ = {isa = PBXFileReference; lastKnownFileType = folder.assetcatalog; path = Assets.xcassets; sourceTree = "<group>"; };
		A22074692A7D5FF3002FD6CB /* Preview Assets.xcassets */ = {isa = PBXFileReference; lastKnownFileType = folder.assetcatalog; path = "Preview Assets.xcassets"; sourceTree = "<group>"; };
		A220747A2A7D8579002FD6CB /* AddListenerFlowView0.swift */ = {isa = PBXFileReference; lastKnownFileType = sourcecode.swift; path = AddListenerFlowView0.swift; sourceTree = "<group>"; };
		A220747C2A7D8C43002FD6CB /* AddListenerFlowView1.swift */ = {isa = PBXFileReference; lastKnownFileType = sourcecode.swift; path = AddListenerFlowView1.swift; sourceTree = "<group>"; };
		A28E3FEA2A9658C200BCD972 /* SwipeNavigation.swift */ = {isa = PBXFileReference; fileEncoding = 4; lastKnownFileType = sourcecode.swift; path = SwipeNavigation.swift; sourceTree = "<group>"; };
		A28E3FEB2A9658C200BCD972 /* SavedTab.swift */ = {isa = PBXFileReference; fileEncoding = 4; lastKnownFileType = sourcecode.swift; path = SavedTab.swift; sourceTree = "<group>"; };
		A28E3FED2A9658C200BCD972 /* ListeningTab.swift */ = {isa = PBXFileReference; fileEncoding = 4; lastKnownFileType = sourcecode.swift; path = ListeningTab.swift; sourceTree = "<group>"; };
		A28E3FEE2A9658C200BCD972 /* FeedTab.swift */ = {isa = PBXFileReference; fileEncoding = 4; lastKnownFileType = sourcecode.swift; path = FeedTab.swift; sourceTree = "<group>"; };
		A2B7E5472A910240008912C9 /* DataModel.swift */ = {isa = PBXFileReference; lastKnownFileType = sourcecode.swift; path = DataModel.swift; sourceTree = "<group>"; };
		A2B7E5492A91026C008912C9 /* BlockSettingView.swift */ = {isa = PBXFileReference; lastKnownFileType = sourcecode.swift; path = BlockSettingView.swift; sourceTree = "<group>"; };
		A2B7E54F2A911EA4008912C9 /* AddListenerFlowCustom1.swift */ = {isa = PBXFileReference; lastKnownFileType = sourcecode.swift; path = AddListenerFlowCustom1.swift; sourceTree = "<group>"; };
		A2B7E5512A911EB0008912C9 /* AddListenerFlowCustom2.swift */ = {isa = PBXFileReference; lastKnownFileType = sourcecode.swift; path = AddListenerFlowCustom2.swift; sourceTree = "<group>"; };
		A2E020812A7D97DF00B5BF3C /* AddListenerFlowView2.swift */ = {isa = PBXFileReference; lastKnownFileType = sourcecode.swift; path = AddListenerFlowView2.swift; sourceTree = "<group>"; };
		A2E020832A7D9A9500B5BF3C /* AddListenerFlowView3.swift */ = {isa = PBXFileReference; lastKnownFileType = sourcecode.swift; path = AddListenerFlowView3.swift; sourceTree = "<group>"; };
		B130190F2A96CF480002064E /* constants.swift */ = {isa = PBXFileReference; fileEncoding = 4; lastKnownFileType = sourcecode.swift; path = constants.swift; sourceTree = "<group>"; };
		B13019102A96CF480002064E /* TimeSegment.swift */ = {isa = PBXFileReference; fileEncoding = 4; lastKnownFileType = sourcecode.swift; path = TimeSegment.swift; sourceTree = "<group>"; };
		B13019112A96CF480002064E /* utils.swift */ = {isa = PBXFileReference; fileEncoding = 4; lastKnownFileType = sourcecode.swift; path = utils.swift; sourceTree = "<group>"; };
		B13019122A96CF480002064E /* Hourmark.swift */ = {isa = PBXFileReference; fileEncoding = 4; lastKnownFileType = sourcecode.swift; path = Hourmark.swift; sourceTree = "<group>"; };
		B130191D2A96F2820002064E /* EventListenerType.swift */ = {isa = PBXFileReference; lastKnownFileType = sourcecode.swift; path = EventListenerType.swift; sourceTree = "<group>"; };
		B130191F2A96F33D0002064E /* GenericListenerType.swift */ = {isa = PBXFileReference; lastKnownFileType = sourcecode.swift; path = GenericListenerType.swift; sourceTree = "<group>"; };
		B13019212A96F4E00002064E /* ERC.swift */ = {isa = PBXFileReference; lastKnownFileType = sourcecode.swift; path = ERC.swift; sourceTree = "<group>"; };
		B13019492A975B170002064E /* CapturedEventBlockPadded.swift */ = {isa = PBXFileReference; lastKnownFileType = sourcecode.swift; path = CapturedEventBlockPadded.swift; sourceTree = "<group>"; };
		B13019562A9777590002064E /* SavedEvents.json */ = {isa = PBXFileReference; fileEncoding = 4; lastKnownFileType = text.json; path = SavedEvents.json; sourceTree = "<group>"; };
		B13019572A9777590002064E /* SmartContracts.json */ = {isa = PBXFileReference; fileEncoding = 4; lastKnownFileType = text.json; path = SmartContracts.json; sourceTree = "<group>"; };
		B13019582A9777590002064E /* EventTypes.json */ = {isa = PBXFileReference; fileEncoding = 4; lastKnownFileType = text.json; path = EventTypes.json; sourceTree = "<group>"; };
		B13019592A9777590002064E /* Users.json */ = {isa = PBXFileReference; fileEncoding = 4; lastKnownFileType = text.json; path = Users.json; sourceTree = "<group>"; };
		B130195B2A9777590002064E /* EventLogs.json */ = {isa = PBXFileReference; fileEncoding = 4; lastKnownFileType = text.json; path = EventLogs.json; sourceTree = "<group>"; };
		B130195C2A9777590002064E /* NotifcationType.json */ = {isa = PBXFileReference; fileEncoding = 4; lastKnownFileType = text.json; path = NotifcationType.json; sourceTree = "<group>"; };
		B130195D2A9777590002064E /* EventSubscriptions.json */ = {isa = PBXFileReference; fileEncoding = 4; lastKnownFileType = text.json; path = EventSubscriptions.json; sourceTree = "<group>"; };
		B13019682A977C2E0002064E /* JSON.swift */ = {isa = PBXFileReference; lastKnownFileType = sourcecode.swift; path = JSON.swift; sourceTree = "<group>"; };
		B130196F2A983AAA0002064E /* SavedEvent.swift */ = {isa = PBXFileReference; fileEncoding = 4; lastKnownFileType = sourcecode.swift; path = SavedEvent.swift; sourceTree = "<group>"; };
		B13019702A983AAA0002064E /* EventData.swift */ = {isa = PBXFileReference; fileEncoding = 4; lastKnownFileType = sourcecode.swift; path = EventData.swift; sourceTree = "<group>"; };
		B13019712A983AAA0002064E /* SmartContract.swift */ = {isa = PBXFileReference; fileEncoding = 4; lastKnownFileType = sourcecode.swift; path = SmartContract.swift; sourceTree = "<group>"; };
		B13019722A983AAA0002064E /* EventType.swift */ = {isa = PBXFileReference; fileEncoding = 4; lastKnownFileType = sourcecode.swift; path = EventType.swift; sourceTree = "<group>"; };
		B13019732A983AAA0002064E /* User.swift */ = {isa = PBXFileReference; fileEncoding = 4; lastKnownFileType = sourcecode.swift; path = User.swift; sourceTree = "<group>"; };
		B13019742A983AAA0002064E /* EventLog.swift */ = {isa = PBXFileReference; fileEncoding = 4; lastKnownFileType = sourcecode.swift; path = EventLog.swift; sourceTree = "<group>"; };
		B13019752A983AAA0002064E /* EventSubscription.swift */ = {isa = PBXFileReference; fileEncoding = 4; lastKnownFileType = sourcecode.swift; path = EventSubscription.swift; sourceTree = "<group>"; };
		B13019762A983AAA0002064E /* NotificationType.swift */ = {isa = PBXFileReference; fileEncoding = 4; lastKnownFileType = sourcecode.swift; path = NotificationType.swift; sourceTree = "<group>"; };
		B19E75132A99694B008E9FF4 /* README.md */ = {isa = PBXFileReference; lastKnownFileType = net.daringfireball.markdown; path = README.md; sourceTree = "<group>"; };
		B19E75192A99B73C008E9FF4 /* EventDetailView.swift */ = {isa = PBXFileReference; lastKnownFileType = sourcecode.swift; path = EventDetailView.swift; sourceTree = "<group>"; };
		B19E751E2A9AD7EC008E9FF4 /* IndentedWithHeaderLayout.swift */ = {isa = PBXFileReference; lastKnownFileType = sourcecode.swift; path = IndentedWithHeaderLayout.swift; sourceTree = "<group>"; };
		B19E75222A9AF89A008E9FF4 /* CapturedEventBlock.swift */ = {isa = PBXFileReference; lastKnownFileType = sourcecode.swift; path = CapturedEventBlock.swift; sourceTree = "<group>"; };
		B1AD3B8E2AC4370700912CF5 /* CoreDataTests.swift */ = {isa = PBXFileReference; lastKnownFileType = sourcecode.swift; path = CoreDataTests.swift; sourceTree = "<group>"; };
		B1AD3B902AC4F48900912CF5 /* NSFetchRequests.swift */ = {isa = PBXFileReference; lastKnownFileType = sourcecode.swift; path = NSFetchRequests.swift; sourceTree = "<group>"; };
		B1B919AC2A9B0EE600DA837C /* utility.swift */ = {isa = PBXFileReference; fileEncoding = 4; lastKnownFileType = sourcecode.swift; path = utility.swift; sourceTree = "<group>"; };
		B1BE37772AC0147600104A4A /* RPCProtocol.swift */ = {isa = PBXFileReference; lastKnownFileType = sourcecode.swift; path = RPCProtocol.swift; sourceTree = "<group>"; };
		B1BE37792AC0159200104A4A /* ThirdWebRPC.swift */ = {isa = PBXFileReference; lastKnownFileType = sourcecode.swift; path = ThirdWebRPC.swift; sourceTree = "<group>"; };
		B1BE377F2AC01BE900104A4A /* 24HZTests.xctest */ = {isa = PBXFileReference; explicitFileType = wrapper.cfbundle; includeInIndex = 0; path = 24HZTests.xctest; sourceTree = BUILT_PRODUCTS_DIR; };
		B1BE37812AC01BE900104A4A /* ThirdWebRPCTests.swift */ = {isa = PBXFileReference; lastKnownFileType = sourcecode.swift; path = ThirdWebRPCTests.swift; sourceTree = "<group>"; };
		B1BE37882AC0386900104A4A /* EventsProvider.swift */ = {isa = PBXFileReference; lastKnownFileType = sourcecode.swift; path = EventsProvider.swift; sourceTree = "<group>"; };
		B1BE378D2AC03BB800104A4A /* DefaultEventsProvider.swift */ = {isa = PBXFileReference; lastKnownFileType = sourcecode.swift; path = DefaultEventsProvider.swift; sourceTree = "<group>"; };
		B1BE378F2AC03E5600104A4A /* DefaultEventsProviderTests.swift */ = {isa = PBXFileReference; lastKnownFileType = sourcecode.swift; path = DefaultEventsProviderTests.swift; sourceTree = "<group>"; };
		B1BE37942AC1B51B00104A4A /* MetadataEventABI.swift */ = {isa = PBXFileReference; lastKnownFileType = sourcecode.swift; path = MetadataEventABI.swift; sourceTree = "<group>"; };
		B1BE37972AC2392900104A4A /* MintCommentEventABI.swift */ = {isa = PBXFileReference; lastKnownFileType = sourcecode.swift; path = MintCommentEventABI.swift; sourceTree = "<group>"; };
		B1BE379A2AC24AE600104A4A /* CoreDataProvider.swift */ = {isa = PBXFileReference; lastKnownFileType = sourcecode.swift; path = CoreDataProvider.swift; sourceTree = "<group>"; };
		B1BE379F2AC2644300104A4A /* Model.xcdatamodel */ = {isa = PBXFileReference; lastKnownFileType = wrapper.xcdatamodel; path = Model.xcdatamodel; sourceTree = "<group>"; };
/* End PBXFileReference section */

/* Begin PBXFrameworksBuildPhase section */
		A220745C2A7D5FF0002FD6CB /* Frameworks */ = {
			isa = PBXFrameworksBuildPhase;
			buildActionMask = 2147483647;
			files = (
				B1BE378C2AC03B0200104A4A /* web3.swift in Frameworks */,
			);
			runOnlyForDeploymentPostprocessing = 0;
		};
		B1BE377C2AC01BE900104A4A /* Frameworks */ = {
			isa = PBXFrameworksBuildPhase;
			buildActionMask = 2147483647;
			files = (
				B1BE37932AC03F9300104A4A /* web3.swift in Frameworks */,
			);
			runOnlyForDeploymentPostprocessing = 0;
		};
/* End PBXFrameworksBuildPhase section */

/* Begin PBXGroup section */
		A22074562A7D5FF0002FD6CB = {
			isa = PBXGroup;
			children = (
				B19E75132A99694B008E9FF4 /* README.md */,
				A22074612A7D5FF0002FD6CB /* 24HZ */,
				B1BE37802AC01BE900104A4A /* 24HZTests */,
				A22074602A7D5FF0002FD6CB /* Products */,
				B1BE37912AC03F9300104A4A /* Frameworks */,
			);
			sourceTree = "<group>";
		};
		A22074602A7D5FF0002FD6CB /* Products */ = {
			isa = PBXGroup;
			children = (
				A220745F2A7D5FF0002FD6CB /* 24HZ.app */,
				B1BE377F2AC01BE900104A4A /* 24HZTests.xctest */,
			);
			name = Products;
			sourceTree = "<group>";
		};
		A22074612A7D5FF0002FD6CB /* 24HZ */ = {
			isa = PBXGroup;
			children = (
				A22074622A7D5FF0002FD6CB /* Main.swift */,
				B1C77B322AC5571500528A8E /* Views */,
				B1BE37992AC243DE00104A4A /* Core Data */,
				B11153D72AB9203D00033780 /* Networking */,
				B130196E2A983AAA0002064E /* Models */,
				B130191C2A96F2660002064E /* Enums */,
				A2B7E5472A910240008912C9 /* DataModel.swift */,
				B130190F2A96CF480002064E /* constants.swift */,
				B13019112A96CF480002064E /* utils.swift */,
				A22074662A7D5FF3002FD6CB /* Assets.xcassets */,
				A22074682A7D5FF3002FD6CB /* Preview Content */,
				B13019682A977C2E0002064E /* JSON.swift */,
			);
			path = 24HZ;
			sourceTree = "<group>";
		};
		A22074682A7D5FF3002FD6CB /* Preview Content */ = {
			isa = PBXGroup;
			children = (
				B13019562A9777590002064E /* SavedEvents.json */,
				B13019572A9777590002064E /* SmartContracts.json */,
				B13019582A9777590002064E /* EventTypes.json */,
				B13019592A9777590002064E /* Users.json */,
				B130195B2A9777590002064E /* EventLogs.json */,
				B130195C2A9777590002064E /* NotifcationType.json */,
				B130195D2A9777590002064E /* EventSubscriptions.json */,
				A22074692A7D5FF3002FD6CB /* Preview Assets.xcassets */,
			);
			path = "Preview Content";
			sourceTree = "<group>";
		};
		A28E3FE92A9658C200BCD972 /* Tabs */ = {
			isa = PBXGroup;
			children = (
				B1FDB7FE2A9962EF0087DA04 /* Saved */,
				B1FDB7FD2A9962E70087DA04 /* Feed */,
				B1FDB7FC2A9962DF0087DA04 /* Listening */,
			);
			path = Tabs;
			sourceTree = "<group>";
		};
		B11153D72AB9203D00033780 /* Networking */ = {
			isa = PBXGroup;
			children = (
				B1BE37772AC0147600104A4A /* RPCProtocol.swift */,
				B1BE37792AC0159200104A4A /* ThirdWebRPC.swift */,
				B1BE37882AC0386900104A4A /* EventsProvider.swift */,
				B1BE378D2AC03BB800104A4A /* DefaultEventsProvider.swift */,
			);
			path = Networking;
			sourceTree = "<group>";
		};
		B130191C2A96F2660002064E /* Enums */ = {
			isa = PBXGroup;
			children = (
				B130191D2A96F2820002064E /* EventListenerType.swift */,
				B130191F2A96F33D0002064E /* GenericListenerType.swift */,
				B13019212A96F4E00002064E /* ERC.swift */,
				B1BE37942AC1B51B00104A4A /* MetadataEventABI.swift */,
				B1BE37972AC2392900104A4A /* MintCommentEventABI.swift */,
			);
			path = Enums;
			sourceTree = "<group>";
		};
		B130196E2A983AAA0002064E /* Models */ = {
			isa = PBXGroup;
			children = (
				B130196F2A983AAA0002064E /* SavedEvent.swift */,
				B13019702A983AAA0002064E /* EventData.swift */,
				B13019712A983AAA0002064E /* SmartContract.swift */,
				B13019722A983AAA0002064E /* EventType.swift */,
				B13019732A983AAA0002064E /* User.swift */,
				B13019742A983AAA0002064E /* EventLog.swift */,
				B13019752A983AAA0002064E /* EventSubscription.swift */,
				B13019762A983AAA0002064E /* NotificationType.swift */,
			);
			path = Models;
			sourceTree = "<group>";
		};
		B19E751D2A9AD7C6008E9FF4 /* Layouts */ = {
			isa = PBXGroup;
			children = (
				B19E751E2A9AD7EC008E9FF4 /* IndentedWithHeaderLayout.swift */,
			);
			path = Layouts;
			sourceTree = "<group>";
		};
		B1BE37802AC01BE900104A4A /* 24HZTests */ = {
			isa = PBXGroup;
			children = (
				B1BE37812AC01BE900104A4A /* ThirdWebRPCTests.swift */,
				B1BE378F2AC03E5600104A4A /* DefaultEventsProviderTests.swift */,
				B1AD3B8E2AC4370700912CF5 /* CoreDataTests.swift */,
			);
			path = 24HZTests;
			sourceTree = "<group>";
		};
		B1BE37912AC03F9300104A4A /* Frameworks */ = {
			isa = PBXGroup;
			children = (
			);
			name = Frameworks;
			sourceTree = "<group>";
		};
		B1BE37992AC243DE00104A4A /* Core Data */ = {
			isa = PBXGroup;
			children = (
				B1BE379A2AC24AE600104A4A /* CoreDataProvider.swift */,
				B1BE379E2AC2644300104A4A /* Model.xcdatamodeld */,
				B1AD3B902AC4F48900912CF5 /* NSFetchRequests.swift */,
			);
			path = "Core Data";
			sourceTree = "<group>";
		};
		B1C77B322AC5571500528A8E /* Views */ = {
			isa = PBXGroup;
			children = (
				A22074642A7D5FF0002FD6CB /* ContentView.swift */,
				A28E3FEA2A9658C200BCD972 /* SwipeNavigation.swift */,
				A28E3FE92A9658C200BCD972 /* Tabs */,
				B19E751D2A9AD7C6008E9FF4 /* Layouts */,
			);
			path = Views;
			sourceTree = "<group>";
		};
		B1FDB7FC2A9962DF0087DA04 /* Listening */ = {
			isa = PBXGroup;
			children = (
				A28E3FED2A9658C200BCD972 /* ListeningTab.swift */,
				B1B919AC2A9B0EE600DA837C /* utility.swift */,
				A2B7E5492A91026C008912C9 /* BlockSettingView.swift */,
				A220747A2A7D8579002FD6CB /* AddListenerFlowView0.swift */,
				A2B7E54F2A911EA4008912C9 /* AddListenerFlowCustom1.swift */,
				A2B7E5512A911EB0008912C9 /* AddListenerFlowCustom2.swift */,
				A220747C2A7D8C43002FD6CB /* AddListenerFlowView1.swift */,
				A2E020812A7D97DF00B5BF3C /* AddListenerFlowView2.swift */,
				A2E020832A7D9A9500B5BF3C /* AddListenerFlowView3.swift */,
			);
			path = Listening;
			sourceTree = "<group>";
		};
		B1FDB7FD2A9962E70087DA04 /* Feed */ = {
			isa = PBXGroup;
			children = (
				A28E3FEE2A9658C200BCD972 /* FeedTab.swift */,
				B13019122A96CF480002064E /* Hourmark.swift */,
				B13019102A96CF480002064E /* TimeSegment.swift */,
				B13019492A975B170002064E /* CapturedEventBlockPadded.swift */,
				B19E75192A99B73C008E9FF4 /* EventDetailView.swift */,
				B19E75222A9AF89A008E9FF4 /* CapturedEventBlock.swift */,
			);
			path = Feed;
			sourceTree = "<group>";
		};
		B1FDB7FE2A9962EF0087DA04 /* Saved */ = {
			isa = PBXGroup;
			children = (
				A28E3FEB2A9658C200BCD972 /* SavedTab.swift */,
			);
			path = Saved;
			sourceTree = "<group>";
		};
/* End PBXGroup section */

/* Begin PBXNativeTarget section */
		A220745E2A7D5FF0002FD6CB /* 24HZ */ = {
			isa = PBXNativeTarget;
			buildConfigurationList = A220746D2A7D5FF3002FD6CB /* Build configuration list for PBXNativeTarget "24HZ" */;
			buildPhases = (
				A220745B2A7D5FF0002FD6CB /* Sources */,
				A220745C2A7D5FF0002FD6CB /* Frameworks */,
				A220745D2A7D5FF0002FD6CB /* Resources */,
			);
			buildRules = (
			);
			dependencies = (
			);
			name = 24HZ;
			packageProductDependencies = (
				B1BE378B2AC03B0200104A4A /* web3.swift */,
			);
			productName = "a1-s3713342";
			productReference = A220745F2A7D5FF0002FD6CB /* 24HZ.app */;
			productType = "com.apple.product-type.application";
		};
		B1BE377E2AC01BE900104A4A /* 24HZTests */ = {
			isa = PBXNativeTarget;
			buildConfigurationList = B1BE37852AC01BE900104A4A /* Build configuration list for PBXNativeTarget "24HZTests" */;
			buildPhases = (
				B1BE377B2AC01BE900104A4A /* Sources */,
				B1BE377C2AC01BE900104A4A /* Frameworks */,
				B1BE377D2AC01BE900104A4A /* Resources */,
			);
			buildRules = (
			);
			dependencies = (
				B1BE37842AC01BE900104A4A /* PBXTargetDependency */,
			);
			name = 24HZTests;
			packageProductDependencies = (
				B1BE37922AC03F9300104A4A /* web3.swift */,
			);
			productName = 24HZTests;
			productReference = B1BE377F2AC01BE900104A4A /* 24HZTests.xctest */;
			productType = "com.apple.product-type.bundle.unit-test";
		};
/* End PBXNativeTarget section */

/* Begin PBXProject section */
		A22074572A7D5FF0002FD6CB /* Project object */ = {
			isa = PBXProject;
			attributes = {
				BuildIndependentTargetsInParallel = 1;
				LastSwiftUpdateCheck = 1430;
				LastUpgradeCheck = 1320;
				TargetAttributes = {
					A220745E2A7D5FF0002FD6CB = {
						CreatedOnToolsVersion = 13.2;
					};
					B1BE377E2AC01BE900104A4A = {
						CreatedOnToolsVersion = 14.3.1;
						TestTargetID = A220745E2A7D5FF0002FD6CB;
					};
				};
			};
			buildConfigurationList = A220745A2A7D5FF0002FD6CB /* Build configuration list for PBXProject "24HZ" */;
			compatibilityVersion = "Xcode 13.0";
			developmentRegion = en;
			hasScannedForEncodings = 0;
			knownRegions = (
				en,
				Base,
			);
			mainGroup = A22074562A7D5FF0002FD6CB;
			packageReferences = (
				B1BE378A2AC03B0200104A4A /* XCRemoteSwiftPackageReference "web3.swift" */,
			);
			productRefGroup = A22074602A7D5FF0002FD6CB /* Products */;
			projectDirPath = "";
			projectRoot = "";
			targets = (
				A220745E2A7D5FF0002FD6CB /* 24HZ */,
				B1BE377E2AC01BE900104A4A /* 24HZTests */,
			);
		};
/* End PBXProject section */

/* Begin PBXResourcesBuildPhase section */
		A220745D2A7D5FF0002FD6CB /* Resources */ = {
			isa = PBXResourcesBuildPhase;
			buildActionMask = 2147483647;
			files = (
				B13019612A9777590002064E /* Users.json in Resources */,
				B13019652A9777590002064E /* EventSubscriptions.json in Resources */,
				A220746A2A7D5FF3002FD6CB /* Preview Assets.xcassets in Resources */,
				A22074672A7D5FF3002FD6CB /* Assets.xcassets in Resources */,
				B130195E2A9777590002064E /* SavedEvents.json in Resources */,
				B130195F2A9777590002064E /* SmartContracts.json in Resources */,
				B13019642A9777590002064E /* NotifcationType.json in Resources */,
				B13019632A9777590002064E /* EventLogs.json in Resources */,
				B13019602A9777590002064E /* EventTypes.json in Resources */,
			);
			runOnlyForDeploymentPostprocessing = 0;
		};
		B1BE377D2AC01BE900104A4A /* Resources */ = {
			isa = PBXResourcesBuildPhase;
			buildActionMask = 2147483647;
			files = (
			);
			runOnlyForDeploymentPostprocessing = 0;
		};
/* End PBXResourcesBuildPhase section */

/* Begin PBXSourcesBuildPhase section */
		A220745B2A7D5FF0002FD6CB /* Sources */ = {
			isa = PBXSourcesBuildPhase;
			buildActionMask = 2147483647;
			files = (
				B1B919AD2A9B0EE700DA837C /* utility.swift in Sources */,
				B19E751A2A99B73C008E9FF4 /* EventDetailView.swift in Sources */,
				B13019782A983AAA0002064E /* EventData.swift in Sources */,
				B130197C2A983AAA0002064E /* EventLog.swift in Sources */,
				B13019772A983AAA0002064E /* SavedEvent.swift in Sources */,
				A2B7E5482A910240008912C9 /* DataModel.swift in Sources */,
				B19E75232A9AF89A008E9FF4 /* CapturedEventBlock.swift in Sources */,
				A2B7E5522A911EB0008912C9 /* AddListenerFlowCustom2.swift in Sources */,
				B13019692A977C2E0002064E /* JSON.swift in Sources */,
				B1BE37A02AC2644300104A4A /* Model.xcdatamodeld in Sources */,
				B13019202A96F33D0002064E /* GenericListenerType.swift in Sources */,
				B13019222A96F4E00002064E /* ERC.swift in Sources */,
				B1BE379B2AC24AE700104A4A /* CoreDataProvider.swift in Sources */,
				A28E3FF02A9658C300BCD972 /* SavedTab.swift in Sources */,
				B1BE37982AC2392900104A4A /* MintCommentEventABI.swift in Sources */,
				B130197B2A983AAA0002064E /* User.swift in Sources */,
				B1BE37892AC0386900104A4A /* EventsProvider.swift in Sources */,
				B1BE377A2AC0159200104A4A /* ThirdWebRPC.swift in Sources */,
				A2E020842A7D9A9500B5BF3C /* AddListenerFlowView3.swift in Sources */,
				B130194A2A975B170002064E /* CapturedEventBlockPadded.swift in Sources */,
				A28E3FF22A9658C300BCD972 /* ListeningTab.swift in Sources */,
				B1BE378E2AC03BB800104A4A /* DefaultEventsProvider.swift in Sources */,
				A220747D2A7D8C43002FD6CB /* AddListenerFlowView1.swift in Sources */,
				B1AD3B912AC4F48900912CF5 /* NSFetchRequests.swift in Sources */,
				B1BE37782AC0147600104A4A /* RPCProtocol.swift in Sources */,
				A28E3FEF2A9658C300BCD972 /* SwipeNavigation.swift in Sources */,
				B130197A2A983AAA0002064E /* EventType.swift in Sources */,
				B13019152A96CF480002064E /* TimeSegment.swift in Sources */,
				A2B7E5502A911EA4008912C9 /* AddListenerFlowCustom1.swift in Sources */,
				A22074652A7D5FF0002FD6CB /* ContentView.swift in Sources */,
				B19E751F2A9AD7EC008E9FF4 /* IndentedWithHeaderLayout.swift in Sources */,
				B130191E2A96F2820002064E /* EventListenerType.swift in Sources */,
				A220747B2A7D8579002FD6CB /* AddListenerFlowView0.swift in Sources */,
				A28E3FF32A9658C300BCD972 /* FeedTab.swift in Sources */,
				B13019172A96CF480002064E /* Hourmark.swift in Sources */,
				A2B7E54A2A91026C008912C9 /* BlockSettingView.swift in Sources */,
				A2E020822A7D97DF00B5BF3C /* AddListenerFlowView2.swift in Sources */,
				B1BE37952AC1B51B00104A4A /* MetadataEventABI.swift in Sources */,
				B130197E2A983AAA0002064E /* NotificationType.swift in Sources */,
				B13019142A96CF480002064E /* constants.swift in Sources */,
				A22074632A7D5FF0002FD6CB /* Main.swift in Sources */,
				B13019162A96CF480002064E /* utils.swift in Sources */,
				B130197D2A983AAA0002064E /* EventSubscription.swift in Sources */,
				B13019792A983AAA0002064E /* SmartContract.swift in Sources */,
			);
			runOnlyForDeploymentPostprocessing = 0;
		};
		B1BE377B2AC01BE900104A4A /* Sources */ = {
			isa = PBXSourcesBuildPhase;
			buildActionMask = 2147483647;
			files = (
				B1BE37902AC03E5600104A4A /* DefaultEventsProviderTests.swift in Sources */,
				B1BE37822AC01BE900104A4A /* ThirdWebRPCTests.swift in Sources */,
				B1AD3B8F2AC4370700912CF5 /* CoreDataTests.swift in Sources */,
			);
			runOnlyForDeploymentPostprocessing = 0;
		};
/* End PBXSourcesBuildPhase section */

/* Begin PBXTargetDependency section */
		B1BE37842AC01BE900104A4A /* PBXTargetDependency */ = {
			isa = PBXTargetDependency;
			target = A220745E2A7D5FF0002FD6CB /* 24HZ */;
			targetProxy = B1BE37832AC01BE900104A4A /* PBXContainerItemProxy */;
		};
/* End PBXTargetDependency section */

/* Begin XCBuildConfiguration section */
		A220746B2A7D5FF3002FD6CB /* Debug */ = {
			isa = XCBuildConfiguration;
			buildSettings = {
				ALWAYS_SEARCH_USER_PATHS = NO;
				CLANG_ANALYZER_NONNULL = YES;
				CLANG_ANALYZER_NUMBER_OBJECT_CONVERSION = YES_AGGRESSIVE;
				CLANG_CXX_LANGUAGE_STANDARD = "gnu++17";
				CLANG_CXX_LIBRARY = "libc++";
				CLANG_ENABLE_MODULES = YES;
				CLANG_ENABLE_OBJC_ARC = YES;
				CLANG_ENABLE_OBJC_WEAK = YES;
				CLANG_WARN_BLOCK_CAPTURE_AUTORELEASING = YES;
				CLANG_WARN_BOOL_CONVERSION = YES;
				CLANG_WARN_COMMA = YES;
				CLANG_WARN_CONSTANT_CONVERSION = YES;
				CLANG_WARN_DEPRECATED_OBJC_IMPLEMENTATIONS = YES;
				CLANG_WARN_DIRECT_OBJC_ISA_USAGE = YES_ERROR;
				CLANG_WARN_DOCUMENTATION_COMMENTS = YES;
				CLANG_WARN_EMPTY_BODY = YES;
				CLANG_WARN_ENUM_CONVERSION = YES;
				CLANG_WARN_INFINITE_RECURSION = YES;
				CLANG_WARN_INT_CONVERSION = YES;
				CLANG_WARN_NON_LITERAL_NULL_CONVERSION = YES;
				CLANG_WARN_OBJC_IMPLICIT_RETAIN_SELF = YES;
				CLANG_WARN_OBJC_LITERAL_CONVERSION = YES;
				CLANG_WARN_OBJC_ROOT_CLASS = YES_ERROR;
				CLANG_WARN_QUOTED_INCLUDE_IN_FRAMEWORK_HEADER = YES;
				CLANG_WARN_RANGE_LOOP_ANALYSIS = YES;
				CLANG_WARN_STRICT_PROTOTYPES = YES;
				CLANG_WARN_SUSPICIOUS_MOVE = YES;
				CLANG_WARN_UNGUARDED_AVAILABILITY = YES_AGGRESSIVE;
				CLANG_WARN_UNREACHABLE_CODE = YES;
				CLANG_WARN__DUPLICATE_METHOD_MATCH = YES;
				COPY_PHASE_STRIP = NO;
				DEBUG_INFORMATION_FORMAT = dwarf;
				ENABLE_STRICT_OBJC_MSGSEND = YES;
				ENABLE_TESTABILITY = YES;
				GCC_C_LANGUAGE_STANDARD = gnu11;
				GCC_DYNAMIC_NO_PIC = NO;
				GCC_NO_COMMON_BLOCKS = YES;
				GCC_OPTIMIZATION_LEVEL = 0;
				GCC_PREPROCESSOR_DEFINITIONS = (
					"DEBUG=1",
					"$(inherited)",
				);
				GCC_WARN_64_TO_32_BIT_CONVERSION = YES;
				GCC_WARN_ABOUT_RETURN_TYPE = YES_ERROR;
				GCC_WARN_UNDECLARED_SELECTOR = YES;
				GCC_WARN_UNINITIALIZED_AUTOS = YES_AGGRESSIVE;
				GCC_WARN_UNUSED_FUNCTION = YES;
				GCC_WARN_UNUSED_VARIABLE = YES;
				IPHONEOS_DEPLOYMENT_TARGET = 15.2;
				MTL_ENABLE_DEBUG_INFO = INCLUDE_SOURCE;
				MTL_FAST_MATH = YES;
				ONLY_ACTIVE_ARCH = YES;
				SDKROOT = iphoneos;
				SWIFT_ACTIVE_COMPILATION_CONDITIONS = DEBUG;
				SWIFT_OPTIMIZATION_LEVEL = "-Onone";
			};
			name = Debug;
		};
		A220746C2A7D5FF3002FD6CB /* Release */ = {
			isa = XCBuildConfiguration;
			buildSettings = {
				ALWAYS_SEARCH_USER_PATHS = NO;
				CLANG_ANALYZER_NONNULL = YES;
				CLANG_ANALYZER_NUMBER_OBJECT_CONVERSION = YES_AGGRESSIVE;
				CLANG_CXX_LANGUAGE_STANDARD = "gnu++17";
				CLANG_CXX_LIBRARY = "libc++";
				CLANG_ENABLE_MODULES = YES;
				CLANG_ENABLE_OBJC_ARC = YES;
				CLANG_ENABLE_OBJC_WEAK = YES;
				CLANG_WARN_BLOCK_CAPTURE_AUTORELEASING = YES;
				CLANG_WARN_BOOL_CONVERSION = YES;
				CLANG_WARN_COMMA = YES;
				CLANG_WARN_CONSTANT_CONVERSION = YES;
				CLANG_WARN_DEPRECATED_OBJC_IMPLEMENTATIONS = YES;
				CLANG_WARN_DIRECT_OBJC_ISA_USAGE = YES_ERROR;
				CLANG_WARN_DOCUMENTATION_COMMENTS = YES;
				CLANG_WARN_EMPTY_BODY = YES;
				CLANG_WARN_ENUM_CONVERSION = YES;
				CLANG_WARN_INFINITE_RECURSION = YES;
				CLANG_WARN_INT_CONVERSION = YES;
				CLANG_WARN_NON_LITERAL_NULL_CONVERSION = YES;
				CLANG_WARN_OBJC_IMPLICIT_RETAIN_SELF = YES;
				CLANG_WARN_OBJC_LITERAL_CONVERSION = YES;
				CLANG_WARN_OBJC_ROOT_CLASS = YES_ERROR;
				CLANG_WARN_QUOTED_INCLUDE_IN_FRAMEWORK_HEADER = YES;
				CLANG_WARN_RANGE_LOOP_ANALYSIS = YES;
				CLANG_WARN_STRICT_PROTOTYPES = YES;
				CLANG_WARN_SUSPICIOUS_MOVE = YES;
				CLANG_WARN_UNGUARDED_AVAILABILITY = YES_AGGRESSIVE;
				CLANG_WARN_UNREACHABLE_CODE = YES;
				CLANG_WARN__DUPLICATE_METHOD_MATCH = YES;
				COPY_PHASE_STRIP = NO;
				DEBUG_INFORMATION_FORMAT = "dwarf-with-dsym";
				ENABLE_NS_ASSERTIONS = NO;
				ENABLE_STRICT_OBJC_MSGSEND = YES;
				GCC_C_LANGUAGE_STANDARD = gnu11;
				GCC_NO_COMMON_BLOCKS = YES;
				GCC_WARN_64_TO_32_BIT_CONVERSION = YES;
				GCC_WARN_ABOUT_RETURN_TYPE = YES_ERROR;
				GCC_WARN_UNDECLARED_SELECTOR = YES;
				GCC_WARN_UNINITIALIZED_AUTOS = YES_AGGRESSIVE;
				GCC_WARN_UNUSED_FUNCTION = YES;
				GCC_WARN_UNUSED_VARIABLE = YES;
				IPHONEOS_DEPLOYMENT_TARGET = 15.2;
				MTL_ENABLE_DEBUG_INFO = NO;
				MTL_FAST_MATH = YES;
				SDKROOT = iphoneos;
				SWIFT_COMPILATION_MODE = wholemodule;
				SWIFT_OPTIMIZATION_LEVEL = "-O";
				VALIDATE_PRODUCT = YES;
			};
			name = Release;
		};
		A220746E2A7D5FF3002FD6CB /* Debug */ = {
			isa = XCBuildConfiguration;
			buildSettings = {
				ASSETCATALOG_COMPILER_APPICON_NAME = AppIcon;
				ASSETCATALOG_COMPILER_GLOBAL_ACCENT_COLOR_NAME = AccentColor;
				CODE_SIGN_STYLE = Automatic;
				CURRENT_PROJECT_VERSION = 1;
				DEVELOPMENT_ASSET_PATHS = "24HZ/Preview\\ Content";
				DEVELOPMENT_TEAM = 3KK2DSH34L;
				ENABLE_PREVIEWS = YES;
				GENERATE_INFOPLIST_FILE = YES;
				INFOPLIST_KEY_UIApplicationSceneManifest_Generation = YES;
				INFOPLIST_KEY_UIApplicationSupportsIndirectInputEvents = YES;
				INFOPLIST_KEY_UILaunchScreen_Generation = YES;
				INFOPLIST_KEY_UISupportedInterfaceOrientations_iPad = "UIInterfaceOrientationPortrait UIInterfaceOrientationPortraitUpsideDown UIInterfaceOrientationLandscapeLeft UIInterfaceOrientationLandscapeRight";
				INFOPLIST_KEY_UISupportedInterfaceOrientations_iPhone = "UIInterfaceOrientationPortrait UIInterfaceOrientationLandscapeLeft UIInterfaceOrientationLandscapeRight";
				LD_RUNPATH_SEARCH_PATHS = (
					"$(inherited)",
					"@executable_path/Frameworks",
				);
				MARKETING_VERSION = 1.0;
				PRODUCT_BUNDLE_IDENTIFIER = None.24HZ;
				PRODUCT_NAME = "$(TARGET_NAME)";
				SWIFT_EMIT_LOC_STRINGS = YES;
				SWIFT_VERSION = 5.0;
				TARGETED_DEVICE_FAMILY = "1,2";
			};
			name = Debug;
		};
		A220746F2A7D5FF3002FD6CB /* Release */ = {
			isa = XCBuildConfiguration;
			buildSettings = {
				ASSETCATALOG_COMPILER_APPICON_NAME = AppIcon;
				ASSETCATALOG_COMPILER_GLOBAL_ACCENT_COLOR_NAME = AccentColor;
				CODE_SIGN_STYLE = Automatic;
				CURRENT_PROJECT_VERSION = 1;
				DEVELOPMENT_ASSET_PATHS = "24HZ/Preview\\ Content";
				DEVELOPMENT_TEAM = 3KK2DSH34L;
				ENABLE_PREVIEWS = YES;
				GENERATE_INFOPLIST_FILE = YES;
				INFOPLIST_KEY_UIApplicationSceneManifest_Generation = YES;
				INFOPLIST_KEY_UIApplicationSupportsIndirectInputEvents = YES;
				INFOPLIST_KEY_UILaunchScreen_Generation = YES;
				INFOPLIST_KEY_UISupportedInterfaceOrientations_iPad = "UIInterfaceOrientationPortrait UIInterfaceOrientationPortraitUpsideDown UIInterfaceOrientationLandscapeLeft UIInterfaceOrientationLandscapeRight";
				INFOPLIST_KEY_UISupportedInterfaceOrientations_iPhone = "UIInterfaceOrientationPortrait UIInterfaceOrientationLandscapeLeft UIInterfaceOrientationLandscapeRight";
				LD_RUNPATH_SEARCH_PATHS = (
					"$(inherited)",
					"@executable_path/Frameworks",
				);
				MARKETING_VERSION = 1.0;
				PRODUCT_BUNDLE_IDENTIFIER = None.24HZ;
				PRODUCT_NAME = "$(TARGET_NAME)";
				SWIFT_EMIT_LOC_STRINGS = YES;
				SWIFT_VERSION = 5.0;
				TARGETED_DEVICE_FAMILY = "1,2";
			};
			name = Release;
		};
		B1BE37862AC01BE900104A4A /* Debug */ = {
			isa = XCBuildConfiguration;
			buildSettings = {
				BUNDLE_LOADER = "$(TEST_HOST)";
				CLANG_CXX_LANGUAGE_STANDARD = "gnu++20";
				CODE_SIGN_STYLE = Automatic;
				CURRENT_PROJECT_VERSION = 1;
				GENERATE_INFOPLIST_FILE = YES;
				IPHONEOS_DEPLOYMENT_TARGET = 15.2;
				MARKETING_VERSION = 1.0;
				PRODUCT_BUNDLE_IDENTIFIER = "rmit-iPSE-s2-2023.-4HZTests";
				PRODUCT_NAME = "$(TARGET_NAME)";
				SUPPORTED_PLATFORMS = "iphoneos iphonesimulator";
				SUPPORTS_MACCATALYST = NO;
				SUPPORTS_MAC_DESIGNED_FOR_IPHONE_IPAD = YES;
				SWIFT_EMIT_LOC_STRINGS = NO;
				SWIFT_VERSION = 5.0;
				TARGETED_DEVICE_FAMILY = "1,2";
				TEST_HOST = "$(BUILT_PRODUCTS_DIR)/24HZ.app/$(BUNDLE_EXECUTABLE_FOLDER_PATH)/24HZ";
			};
			name = Debug;
		};
		B1BE37872AC01BE900104A4A /* Release */ = {
			isa = XCBuildConfiguration;
			buildSettings = {
				BUNDLE_LOADER = "$(TEST_HOST)";
				CLANG_CXX_LANGUAGE_STANDARD = "gnu++20";
				CODE_SIGN_STYLE = Automatic;
				CURRENT_PROJECT_VERSION = 1;
				GENERATE_INFOPLIST_FILE = YES;
				IPHONEOS_DEPLOYMENT_TARGET = 15.2;
				MARKETING_VERSION = 1.0;
				PRODUCT_BUNDLE_IDENTIFIER = "rmit-iPSE-s2-2023.-4HZTests";
				PRODUCT_NAME = "$(TARGET_NAME)";
				SUPPORTED_PLATFORMS = "iphoneos iphonesimulator";
				SUPPORTS_MACCATALYST = NO;
				SUPPORTS_MAC_DESIGNED_FOR_IPHONE_IPAD = YES;
				SWIFT_EMIT_LOC_STRINGS = NO;
				SWIFT_VERSION = 5.0;
				TARGETED_DEVICE_FAMILY = "1,2";
				TEST_HOST = "$(BUILT_PRODUCTS_DIR)/24HZ.app/$(BUNDLE_EXECUTABLE_FOLDER_PATH)/24HZ";
			};
			name = Release;
		};
/* End XCBuildConfiguration section */

/* Begin XCConfigurationList section */
		A220745A2A7D5FF0002FD6CB /* Build configuration list for PBXProject "24HZ" */ = {
			isa = XCConfigurationList;
			buildConfigurations = (
				A220746B2A7D5FF3002FD6CB /* Debug */,
				A220746C2A7D5FF3002FD6CB /* Release */,
			);
			defaultConfigurationIsVisible = 0;
			defaultConfigurationName = Release;
		};
		A220746D2A7D5FF3002FD6CB /* Build configuration list for PBXNativeTarget "24HZ" */ = {
			isa = XCConfigurationList;
			buildConfigurations = (
				A220746E2A7D5FF3002FD6CB /* Debug */,
				A220746F2A7D5FF3002FD6CB /* Release */,
			);
			defaultConfigurationIsVisible = 0;
			defaultConfigurationName = Release;
		};
		B1BE37852AC01BE900104A4A /* Build configuration list for PBXNativeTarget "24HZTests" */ = {
			isa = XCConfigurationList;
			buildConfigurations = (
				B1BE37862AC01BE900104A4A /* Debug */,
				B1BE37872AC01BE900104A4A /* Release */,
			);
			defaultConfigurationIsVisible = 0;
			defaultConfigurationName = Release;
		};
/* End XCConfigurationList section */

/* Begin XCRemoteSwiftPackageReference section */
		B1BE378A2AC03B0200104A4A /* XCRemoteSwiftPackageReference "web3.swift" */ = {
			isa = XCRemoteSwiftPackageReference;
			repositoryURL = "https://github.com/argentlabs/web3.swift.git";
			requirement = {
				kind = upToNextMajorVersion;
				minimumVersion = 1.0.0;
			};
		};
/* End XCRemoteSwiftPackageReference section */

/* Begin XCSwiftPackageProductDependency section */
		B1BE378B2AC03B0200104A4A /* web3.swift */ = {
			isa = XCSwiftPackageProductDependency;
			package = B1BE378A2AC03B0200104A4A /* XCRemoteSwiftPackageReference "web3.swift" */;
			productName = web3.swift;
		};
		B1BE37922AC03F9300104A4A /* web3.swift */ = {
			isa = XCSwiftPackageProductDependency;
			package = B1BE378A2AC03B0200104A4A /* XCRemoteSwiftPackageReference "web3.swift" */;
			productName = web3.swift;
		};
/* End XCSwiftPackageProductDependency section */

/* Begin XCVersionGroup section */
		B1BE379E2AC2644300104A4A /* Model.xcdatamodeld */ = {
			isa = XCVersionGroup;
			children = (
				B1BE379F2AC2644300104A4A /* Model.xcdatamodel */,
			);
			currentVersion = B1BE379F2AC2644300104A4A /* Model.xcdatamodel */;
			path = Model.xcdatamodeld;
			sourceTree = "<group>";
			versionGroupType = wrapper.xcdatamodel;
		};
/* End XCVersionGroup section */
	};
	rootObject = A22074572A7D5FF0002FD6CB /* Project object */;
}
